// !$*UTF8*$!
{
	archiveVersion = 1;
	classes = {
	};
	objectVersion = 77;
	objects = {

/* Begin PBXBuildFile section */
		FB0A211E2F8F8EF100405172 /* TPASSModelSchema.swift in Sources */ = {isa = PBXBuildFile; fileRef = FB0A20E82F8F8EF100405172 /* TPASSModelSchema.swift */; };
		FB0A211F2F8F8EF100405172 /* TYMRTStationData.swift in Sources */ = {isa = PBXBuildFile; fileRef = FB0A20E12F8F8EF100405172 /* TYMRTStationData.swift */; };
		FB0A21202F8F8EF100405172 /* QuickAddOutboundView.swift in Sources */ = {isa = PBXBuildFile; fileRef = FB0A210B2F8F8EF100405172 /* QuickAddOutboundView.swift */; };
		FB0A21212F8F8EF100405172 /* TRAStationData.swift in Sources */ = {isa = PBXBuildFile; fileRef = FB0A20DF2F8F8EF100405172 /* TRAStationData.swift */; };
		FB0A21222F8F8EF100405172 /* TRAFareService.swift in Sources */ = {isa = PBXBuildFile; fileRef = FB0A20F72F8F8EF100405172 /* TRAFareService.swift */; };
		FB0A21232F8F8EF100405172 /* AppViewModel.swift in Sources */ = {isa = PBXBuildFile; fileRef = FB0A20FA2F8F8EF100405172 /* AppViewModel.swift */; };
		FB0A21242F8F8EF100405172 /* TPASS-app-iOS.swift in Sources */ = {isa = PBXBuildFile; fileRef = FB0A21172F8F8EF100405172 /* TPASS-app-iOS.swift */; };
		FB0A21252F8F8EF100405172 /* TYMRTFareService.swift in Sources */ = {isa = PBXBuildFile; fileRef = FB0A20F82F8F8EF100405172 /* TYMRTFareService.swift */; };
		FB0A21262F8F8EF100405172 /* NotificationSettingsView.swift in Sources */ = {isa = PBXBuildFile; fileRef = FB0A21082F8F8EF100405172 /* NotificationSettingsView.swift */; };
		FB0A21272F8F8EF100405172 /* CardScannerView.swift in Sources */ = {isa = PBXBuildFile; fileRef = FB0A20FE2F8F8EF100405172 /* CardScannerView.swift */; };
		FB0A21282F8F8EF100405172 /* MainTabView.swift in Sources */ = {isa = PBXBuildFile; fileRef = FB0A21072F8F8EF100405172 /* MainTabView.swift */; };
		FB0A21292F8F8EF100405172 /* HSRStationData.swift in Sources */ = {isa = PBXBuildFile; fileRef = FB0A20DA2F8F8EF100405172 /* HSRStationData.swift */; };
		FB0A212A2F8F8EF100405172 /* HapticManager.swift in Sources */ = {isa = PBXBuildFile; fileRef = FB0A20EF2F8F8EF100405172 /* HapticManager.swift */; };
		FB0A212B2F8F8EF100405172 /* KMRTStationData.swift in Sources */ = {isa = PBXBuildFile; fileRef = FB0A20DB2F8F8EF100405172 /* KMRTStationData.swift */; };
		FB0A212C2F8F8EF100405172 /* QuickAddHomeView.swift in Sources */ = {isa = PBXBuildFile; fileRef = FB0A210A2F8F8EF100405172 /* QuickAddHomeView.swift */; };
		FB0A212D2F8F8EF100405172 /* MigrationManager.swift in Sources */ = {isa = PBXBuildFile; fileRef = FB0A20E32F8F8EF100405172 /* MigrationManager.swift */; };
		FB0A212E2F8F8EF100405172 /* TCMRTStationData.swift in Sources */ = {isa = PBXBuildFile; fileRef = FB0A20DD2F8F8EF100405172 /* TCMRTStationData.swift */; };
		FB0A212F2F8F8EF100405172 /* AddTripView.swift in Sources */ = {isa = PBXBuildFile; fileRef = FB0A20FC2F8F8EF100405172 /* AddTripView.swift */; };
		FB0A21302F8F8EF100405172 /* Enums.swift in Sources */ = {isa = PBXBuildFile; fileRef = FB0A20E62F8F8EF100405172 /* Enums.swift */; };
		FB0A21312F8F8EF100405172 /* EditTripView.swift in Sources */ = {isa = PBXBuildFile; fileRef = FB0A21032F8F8EF100405172 /* EditTripView.swift */; };
		FB0A21322F8F8EF100405172 /* StationData.swift in Sources */ = {isa = PBXBuildFile; fileRef = FB0A20DC2F8F8EF100405172 /* StationData.swift */; };
		FB0A21332F8F8EF100405172 /* AuthService.swift in Sources */ = {isa = PBXBuildFile; fileRef = FB0A20EC2F8F8EF100405172 /* AuthService.swift */; };
		FB0A21342F8F8EF100405172 /* KMRTFareService.swift in Sources */ = {isa = PBXBuildFile; fileRef = FB0A20F02F8F8EF100405172 /* KMRTFareService.swift */; };
		FB0A21352F8F8EF100405172 /* TransferIntroductionView.swift in Sources */ = {isa = PBXBuildFile; fileRef = FB0A210F2F8F8EF100405172 /* TransferIntroductionView.swift */; };
		FB0A21362F8F8EF100405172 /* HomeStationSettingsView.swift in Sources */ = {isa = PBXBuildFile; fileRef = FB0A21052F8F8EF100405172 /* HomeStationSettingsView.swift */; };
		FB0A21372F8F8EF100405172 /* CloudKitSyncService.swift in Sources */ = {isa = PBXBuildFile; fileRef = FB0A20ED2F8F8EF100405172 /* CloudKitSyncService.swift */; };
		FB0A21382F8F8EF100405172 /* FavoritesManagementView.swift in Sources */ = {isa = PBXBuildFile; fileRef = FB0A21042F8F8EF100405172 /* FavoritesManagementView.swift */; };
		FB0A21392F8F8EF100405172 /* SettingsView.swift in Sources */ = {isa = PBXBuildFile; fileRef = FB0A210C2F8F8EF100405172 /* SettingsView.swift */; };
		FB0A213A2F8F8EF100405172 /* CyclesView.swift in Sources */ = {isa = PBXBuildFile; fileRef = FB0A21012F8F8EF100405172 /* CyclesView.swift */; };
		FB0A213B2F8F8EF100405172 /* THSRFareService.swift in Sources */ = {isa = PBXBuildFile; fileRef = FB0A20F42F8F8EF100405172 /* THSRFareService.swift */; };
		FB0A213C2F8F8EF100405172 /* CSVManager.swift in Sources */ = {isa = PBXBuildFile; fileRef = FB0A20EE2F8F8EF100405172 /* CSVManager.swift */; };
		FB0A213D2F8F8EF100405172 /* TripListView.swift in Sources */ = {isa = PBXBuildFile; fileRef = FB0A21112F8F8EF100405172 /* TripListView.swift */; };
		FB0A213E2F8F8EF100405172 /* TCMRTFareService.swift in Sources */ = {isa = PBXBuildFile; fileRef = FB0A20F22F8F8EF100405172 /* TCMRTFareService.swift */; };
		FB0A213F2F8F8EF100405172 /* CSVManagementView.swift in Sources */ = {isa = PBXBuildFile; fileRef = FB0A21002F8F8EF100405172 /* CSVManagementView.swift */; };
		FB0A21402F8F8EF100405172 /* AllTripsCleanupView.swift in Sources */ = {isa = PBXBuildFile; fileRef = FB0A20E52F8F8EF100405172 /* AllTripsCleanupView.swift */; };
		FB0A21412F8F8EF100405172 /* ThemeManager.swift in Sources */ = {isa = PBXBuildFile; fileRef = FB0A20F32F8F8EF100405172 /* ThemeManager.swift */; };
		FB0A21422F8F8EF100405172 /* TPASSRegionSelectionView.swift in Sources */ = {isa = PBXBuildFile; fileRef = FB0A210E2F8F8EF100405172 /* TPASSRegionSelectionView.swift */; };
		FB0A21432F8F8EF100405172 /* SwiftDataModels.swift in Sources */ = {isa = PBXBuildFile; fileRef = FB0A20E72F8F8EF100405172 /* SwiftDataModels.swift */; };
		FB0A21442F8F8EF100405172 /* TPEMRTFareService.swift in Sources */ = {isa = PBXBuildFile; fileRef = FB0A20F52F8F8EF100405172 /* TPEMRTFareService.swift */; };
		FB0A21452F8F8EF100405172 /* BackupManagementView.swift in Sources */ = {isa = PBXBuildFile; fileRef = FB0A20FD2F8F8EF100405172 /* BackupManagementView.swift */; };
		FB0A21462F8F8EF100405172 /* OutboundStationSettingsView.swift in Sources */ = {isa = PBXBuildFile; fileRef = FB0A21092F8F8EF100405172 /* OutboundStationSettingsView.swift */; };
		FB0A21472F8F8EF100405172 /* SpotlightTutorialView.swift in Sources */ = {isa = PBXBuildFile; fileRef = FB0A210D2F8F8EF100405172 /* SpotlightTutorialView.swift */; };
		FB0A21482F8F8EF100405172 /* IntroView.swift in Sources */ = {isa = PBXBuildFile; fileRef = FB0A21062F8F8EF100405172 /* IntroView.swift */; };
		FB0A21492F8F8EF100405172 /* NotificationManager.swift in Sources */ = {isa = PBXBuildFile; fileRef = FB0A20F12F8F8EF100405172 /* NotificationManager.swift */; };
		FB0A214A2F8F8EF100405172 /* User.swift in Sources */ = {isa = PBXBuildFile; fileRef = FB0A20EA2F8F8EF100405172 /* User.swift */; };
		FB0A214B2F8F8EF100405172 /* DashboardView.swift in Sources */ = {isa = PBXBuildFile; fileRef = FB0A21022F8F8EF100405172 /* DashboardView.swift */; };
		FB0A214C2F8F8EF100405172 /* TransferTypeSelectionView.swift in Sources */ = {isa = PBXBuildFile; fileRef = FB0A21102F8F8EF100405172 /* TransferTypeSelectionView.swift */; };
		FB0A214D2F8F8EF100405172 /* ViewFrameKey.swift in Sources */ = {isa = PBXBuildFile; fileRef = FB0A21122F8F8EF100405172 /* ViewFrameKey.swift */; };
		FB0A214E2F8F8EF100405172 /* TPASSRegion.swift in Sources */ = {isa = PBXBuildFile; fileRef = FB0A20E92F8F8EF100405172 /* TPASSRegion.swift */; };
		FB0A214F2F8F8EF100405172 /* CommuterRoutePickerOverlay.swift in Sources */ = {isa = PBXBuildFile; fileRef = FB0A20FF2F8F8EF100405172 /* CommuterRoutePickerOverlay.swift */; };
		FB0A21502F8F8EF100405172 /* Localizable.xcstrings in Resources */ = {isa = PBXBuildFile; fileRef = FB0A21152F8F8EF100405172 /* Localizable.xcstrings */; };
		FB0A21512F8F8EF100405172 /* TRA_Fares_Fixed.sqlite in Resources */ = {isa = PBXBuildFile; fileRef = FB0A20F62F8F8EF100405172 /* TRA_Fares_Fixed.sqlite */; };
		FB0A21522F8F8EF100405172 /* TRAConvertStations.py in Resources */ = {isa = PBXBuildFile; fileRef = FB0A20DE2F8F8EF100405172 /* TRAConvertStations.py */; };
		FB0A21532F8F8EF100405172 /* Assets.xcassets in Resources */ = {isa = PBXBuildFile; fileRef = FB0A21142F8F8EF100405172 /* Assets.xcassets */; };
		FB0A21552F8F8EF100405172 /* TPASS-app-iOS-Info.plist in Resources */ = {isa = PBXBuildFile; fileRef = FB0A21182F8F8EF100405172 /* TPASS-app-iOS-Info.plist */; };
		FB0A21562F8F8EF100405172 /* TRAStations.json in Resources */ = {isa = PBXBuildFile; fileRef = FB0A20E02F8F8EF100405172 /* TRAStations.json */; };
		FB0A21592F8F906700405172 /* TRAConvertFare_v9.py in Resources */ = {isa = PBXBuildFile; fileRef = FB0A21572F8F906700405172 /* TRAConvertFare_v9.py */; };
		FB6BC0BC2F7042950011877D /* README.md in Resources */ = {isa = PBXBuildFile; fileRef = FB6BC0BB2F7042950011877D /* README.md */; };
/* End PBXBuildFile section */

/* Begin PBXFileReference section */
		FB0A20DA2F8F8EF100405172 /* HSRStationData.swift */ = {isa = PBXFileReference; lastKnownFileType = sourcecode.swift; path = HSRStationData.swift; sourceTree = "<group>"; };
		FB0A20DB2F8F8EF100405172 /* KMRTStationData.swift */ = {isa = PBXFileReference; lastKnownFileType = sourcecode.swift; path = KMRTStationData.swift; sourceTree = "<group>"; };
		FB0A20DC2F8F8EF100405172 /* StationData.swift */ = {isa = PBXFileReference; lastKnownFileType = sourcecode.swift; path = StationData.swift; sourceTree = "<group>"; };
		FB0A20DD2F8F8EF100405172 /* TCMRTStationData.swift */ = {isa = PBXFileReference; lastKnownFileType = sourcecode.swift; path = TCMRTStationData.swift; sourceTree = "<group>"; };
		FB0A20DE2F8F8EF100405172 /* TRAConvertStations.py */ = {isa = PBXFileReference; lastKnownFileType = text.script.python; path = TRAConvertStations.py; sourceTree = "<group>"; };
		FB0A20DF2F8F8EF100405172 /* TRAStationData.swift */ = {isa = PBXFileReference; lastKnownFileType = sourcecode.swift; path = TRAStationData.swift; sourceTree = "<group>"; };
		FB0A20E02F8F8EF100405172 /* TRAStations.json */ = {isa = PBXFileReference; lastKnownFileType = text.json; path = TRAStations.json; sourceTree = "<group>"; };
		FB0A20E12F8F8EF100405172 /* TYMRTStationData.swift */ = {isa = PBXFileReference; lastKnownFileType = sourcecode.swift; path = TYMRTStationData.swift; sourceTree = "<group>"; };
		FB0A20E32F8F8EF100405172 /* MigrationManager.swift */ = {isa = PBXFileReference; lastKnownFileType = sourcecode.swift; path = MigrationManager.swift; sourceTree = "<group>"; };
		FB0A20E52F8F8EF100405172 /* AllTripsCleanupView.swift */ = {isa = PBXFileReference; lastKnownFileType = sourcecode.swift; path = AllTripsCleanupView.swift; sourceTree = "<group>"; };
		FB0A20E62F8F8EF100405172 /* Enums.swift */ = {isa = PBXFileReference; lastKnownFileType = sourcecode.swift; path = Enums.swift; sourceTree = "<group>"; };
		FB0A20E72F8F8EF100405172 /* SwiftDataModels.swift */ = {isa = PBXFileReference; lastKnownFileType = sourcecode.swift; path = SwiftDataModels.swift; sourceTree = "<group>"; };
		FB0A20E82F8F8EF100405172 /* TPASSModelSchema.swift */ = {isa = PBXFileReference; lastKnownFileType = sourcecode.swift; path = TPASSModelSchema.swift; sourceTree = "<group>"; };
		FB0A20E92F8F8EF100405172 /* TPASSRegion.swift */ = {isa = PBXFileReference; lastKnownFileType = sourcecode.swift; path = TPASSRegion.swift; sourceTree = "<group>"; };
		FB0A20EA2F8F8EF100405172 /* User.swift */ = {isa = PBXFileReference; lastKnownFileType = sourcecode.swift; path = User.swift; sourceTree = "<group>"; };
		FB0A20EC2F8F8EF100405172 /* AuthService.swift */ = {isa = PBXFileReference; lastKnownFileType = sourcecode.swift; path = AuthService.swift; sourceTree = "<group>"; };
		FB0A20ED2F8F8EF100405172 /* CloudKitSyncService.swift */ = {isa = PBXFileReference; lastKnownFileType = sourcecode.swift; path = CloudKitSyncService.swift; sourceTree = "<group>"; };
		FB0A20EE2F8F8EF100405172 /* CSVManager.swift */ = {isa = PBXFileReference; lastKnownFileType = sourcecode.swift; path = CSVManager.swift; sourceTree = "<group>"; };
		FB0A20EF2F8F8EF100405172 /* HapticManager.swift */ = {isa = PBXFileReference; lastKnownFileType = sourcecode.swift; path = HapticManager.swift; sourceTree = "<group>"; };
		FB0A20F02F8F8EF100405172 /* KMRTFareService.swift */ = {isa = PBXFileReference; lastKnownFileType = sourcecode.swift; path = KMRTFareService.swift; sourceTree = "<group>"; };
		FB0A20F12F8F8EF100405172 /* NotificationManager.swift */ = {isa = PBXFileReference; lastKnownFileType = sourcecode.swift; path = NotificationManager.swift; sourceTree = "<group>"; };
		FB0A20F22F8F8EF100405172 /* TCMRTFareService.swift */ = {isa = PBXFileReference; lastKnownFileType = sourcecode.swift; path = TCMRTFareService.swift; sourceTree = "<group>"; };
		FB0A20F32F8F8EF100405172 /* ThemeManager.swift */ = {isa = PBXFileReference; lastKnownFileType = sourcecode.swift; path = ThemeManager.swift; sourceTree = "<group>"; };
		FB0A20F42F8F8EF100405172 /* THSRFareService.swift */ = {isa = PBXFileReference; lastKnownFileType = sourcecode.swift; path = THSRFareService.swift; sourceTree = "<group>"; };
		FB0A20F52F8F8EF100405172 /* TPEMRTFareService.swift */ = {isa = PBXFileReference; lastKnownFileType = sourcecode.swift; path = TPEMRTFareService.swift; sourceTree = "<group>"; };
		FB0A20F62F8F8EF100405172 /* TRA_Fares_Fixed.sqlite */ = {isa = PBXFileReference; lastKnownFileType = file; path = TRA_Fares_Fixed.sqlite; sourceTree = "<group>"; };
		FB0A20F72F8F8EF100405172 /* TRAFareService.swift */ = {isa = PBXFileReference; lastKnownFileType = sourcecode.swift; path = TRAFareService.swift; sourceTree = "<group>"; };
		FB0A20F82F8F8EF100405172 /* TYMRTFareService.swift */ = {isa = PBXFileReference; lastKnownFileType = sourcecode.swift; path = TYMRTFareService.swift; sourceTree = "<group>"; };
		FB0A20FA2F8F8EF100405172 /* AppViewModel.swift */ = {isa = PBXFileReference; lastKnownFileType = sourcecode.swift; path = AppViewModel.swift; sourceTree = "<group>"; };
		FB0A20FC2F8F8EF100405172 /* AddTripView.swift */ = {isa = PBXFileReference; lastKnownFileType = sourcecode.swift; path = AddTripView.swift; sourceTree = "<group>"; };
		FB0A20FD2F8F8EF100405172 /* BackupManagementView.swift */ = {isa = PBXFileReference; lastKnownFileType = sourcecode.swift; path = BackupManagementView.swift; sourceTree = "<group>"; };
		FB0A20FE2F8F8EF100405172 /* CardScannerView.swift */ = {isa = PBXFileReference; lastKnownFileType = sourcecode.swift; path = CardScannerView.swift; sourceTree = "<group>"; };
		FB0A20FF2F8F8EF100405172 /* CommuterRoutePickerOverlay.swift */ = {isa = PBXFileReference; lastKnownFileType = sourcecode.swift; path = CommuterRoutePickerOverlay.swift; sourceTree = "<group>"; };
		FB0A21002F8F8EF100405172 /* CSVManagementView.swift */ = {isa = PBXFileReference; lastKnownFileType = sourcecode.swift; path = CSVManagementView.swift; sourceTree = "<group>"; };
		FB0A21012F8F8EF100405172 /* CyclesView.swift */ = {isa = PBXFileReference; lastKnownFileType = sourcecode.swift; path = CyclesView.swift; sourceTree = "<group>"; };
		FB0A21022F8F8EF100405172 /* DashboardView.swift */ = {isa = PBXFileReference; lastKnownFileType = sourcecode.swift; path = DashboardView.swift; sourceTree = "<group>"; };
		FB0A21032F8F8EF100405172 /* EditTripView.swift */ = {isa = PBXFileReference; lastKnownFileType = sourcecode.swift; path = EditTripView.swift; sourceTree = "<group>"; };
		FB0A21042F8F8EF100405172 /* FavoritesManagementView.swift */ = {isa = PBXFileReference; lastKnownFileType = sourcecode.swift; path = FavoritesManagementView.swift; sourceTree = "<group>"; };
		FB0A21052F8F8EF100405172 /* HomeStationSettingsView.swift */ = {isa = PBXFileReference; lastKnownFileType = sourcecode.swift; path = HomeStationSettingsView.swift; sourceTree = "<group>"; };
		FB0A21062F8F8EF100405172 /* IntroView.swift */ = {isa = PBXFileReference; lastKnownFileType = sourcecode.swift; path = IntroView.swift; sourceTree = "<group>"; };
		FB0A21072F8F8EF100405172 /* MainTabView.swift */ = {isa = PBXFileReference; lastKnownFileType = sourcecode.swift; path = MainTabView.swift; sourceTree = "<group>"; };
		FB0A21082F8F8EF100405172 /* NotificationSettingsView.swift */ = {isa = PBXFileReference; lastKnownFileType = sourcecode.swift; path = NotificationSettingsView.swift; sourceTree = "<group>"; };
		FB0A21092F8F8EF100405172 /* OutboundStationSettingsView.swift */ = {isa = PBXFileReference; lastKnownFileType = sourcecode.swift; path = OutboundStationSettingsView.swift; sourceTree = "<group>"; };
		FB0A210A2F8F8EF100405172 /* QuickAddHomeView.swift */ = {isa = PBXFileReference; lastKnownFileType = sourcecode.swift; path = QuickAddHomeView.swift; sourceTree = "<group>"; };
		FB0A210B2F8F8EF100405172 /* QuickAddOutboundView.swift */ = {isa = PBXFileReference; lastKnownFileType = sourcecode.swift; path = QuickAddOutboundView.swift; sourceTree = "<group>"; };
		FB0A210C2F8F8EF100405172 /* SettingsView.swift */ = {isa = PBXFileReference; lastKnownFileType = sourcecode.swift; path = SettingsView.swift; sourceTree = "<group>"; };
		FB0A210D2F8F8EF100405172 /* SpotlightTutorialView.swift */ = {isa = PBXFileReference; lastKnownFileType = sourcecode.swift; path = SpotlightTutorialView.swift; sourceTree = "<group>"; };
		FB0A210E2F8F8EF100405172 /* TPASSRegionSelectionView.swift */ = {isa = PBXFileReference; lastKnownFileType = sourcecode.swift; path = TPASSRegionSelectionView.swift; sourceTree = "<group>"; };
		FB0A210F2F8F8EF100405172 /* TransferIntroductionView.swift */ = {isa = PBXFileReference; lastKnownFileType = sourcecode.swift; path = TransferIntroductionView.swift; sourceTree = "<group>"; };
		FB0A21102F8F8EF100405172 /* TransferTypeSelectionView.swift */ = {isa = PBXFileReference; lastKnownFileType = sourcecode.swift; path = TransferTypeSelectionView.swift; sourceTree = "<group>"; };
		FB0A21112F8F8EF100405172 /* TripListView.swift */ = {isa = PBXFileReference; lastKnownFileType = sourcecode.swift; path = TripListView.swift; sourceTree = "<group>"; };
		FB0A21122F8F8EF100405172 /* ViewFrameKey.swift */ = {isa = PBXFileReference; lastKnownFileType = sourcecode.swift; path = ViewFrameKey.swift; sourceTree = "<group>"; };
		FB0A21142F8F8EF100405172 /* Assets.xcassets */ = {isa = PBXFileReference; lastKnownFileType = folder.assetcatalog; path = Assets.xcassets; sourceTree = "<group>"; };
		FB0A21152F8F8EF100405172 /* Localizable.xcstrings */ = {isa = PBXFileReference; lastKnownFileType = text.json.xcstrings; path = Localizable.xcstrings; sourceTree = "<group>"; };
		FB0A21162F8F8EF100405172 /* TPASS-app-iOS.entitlements */ = {isa = PBXFileReference; lastKnownFileType = text.plist.entitlements; path = "TPASS-app-iOS.entitlements"; sourceTree = "<group>"; };
		FB0A21172F8F8EF100405172 /* TPASS-app-iOS.swift */ = {isa = PBXFileReference; lastKnownFileType = sourcecode.swift; path = "TPASS-app-iOS.swift"; sourceTree = "<group>"; };
		FB0A21182F8F8EF100405172 /* TPASS-app-iOS-Info.plist */ = {isa = PBXFileReference; lastKnownFileType = text.plist.xml; path = "TPASS-app-iOS-Info.plist"; sourceTree = "<group>"; };
		FB0A21572F8F906700405172 /* TRAConvertFare_v9.py */ = {isa = PBXFileReference; lastKnownFileType = text.script.python; path = TRAConvertFare_v9.py; sourceTree = "<group>"; };
		FB0D94462F20BC1600B687D3 /* TPASS-app-iOS.app */ = {isa = PBXFileReference; explicitFileType = wrapper.application; includeInIndex = 0; path = "TPASS-app-iOS.app"; sourceTree = BUILT_PRODUCTS_DIR; };
		FB6BC0BB2F7042950011877D /* README.md */ = {isa = PBXFileReference; lastKnownFileType = net.daringfireball.markdown; path = README.md; sourceTree = "<group>"; };
/* End PBXFileReference section */

/* Begin PBXFrameworksBuildPhase section */
		FB0D94432F20BC1600B687D3 /* Frameworks */ = {
			isa = PBXFrameworksBuildPhase;
			buildActionMask = 2147483647;
			files = (
			);
			runOnlyForDeploymentPostprocessing = 0;
		};
/* End PBXFrameworksBuildPhase section */

/* Begin PBXGroup section */
		FB0A20E22F8F8EF100405172 /* Data */ = {
			isa = PBXGroup;
			children = (
				FB0A20DA2F8F8EF100405172 /* HSRStationData.swift */,
				FB0A20DB2F8F8EF100405172 /* KMRTStationData.swift */,
				FB0A20DC2F8F8EF100405172 /* StationData.swift */,
				FB0A20DD2F8F8EF100405172 /* TCMRTStationData.swift */,
				FB0A20DE2F8F8EF100405172 /* TRAConvertStations.py */,
				FB0A20DF2F8F8EF100405172 /* TRAStationData.swift */,
				FB0A20E02F8F8EF100405172 /* TRAStations.json */,
				FB0A20E12F8F8EF100405172 /* TYMRTStationData.swift */,
			);
			path = Data;
			sourceTree = "<group>";
		};
		FB0A20E42F8F8EF100405172 /* Helpers */ = {
			isa = PBXGroup;
			children = (
				FB0A20E32F8F8EF100405172 /* MigrationManager.swift */,
			);
			path = Helpers;
			sourceTree = "<group>";
		};
		FB0A20EB2F8F8EF100405172 /* Models */ = {
			isa = PBXGroup;
			children = (
				FB0A20E52F8F8EF100405172 /* AllTripsCleanupView.swift */,
				FB0A20E62F8F8EF100405172 /* Enums.swift */,
				FB0A20E72F8F8EF100405172 /* SwiftDataModels.swift */,
				FB0A20E82F8F8EF100405172 /* TPASSModelSchema.swift */,
				FB0A20E92F8F8EF100405172 /* TPASSRegion.swift */,
				FB0A20EA2F8F8EF100405172 /* User.swift */,
			);
			path = Models;
			sourceTree = "<group>";
		};
		FB0A20F92F8F8EF100405172 /* Services */ = {
			isa = PBXGroup;
			children = (
				FB0A20EC2F8F8EF100405172 /* AuthService.swift */,
				FB0A20ED2F8F8EF100405172 /* CloudKitSyncService.swift */,
				FB0A20EE2F8F8EF100405172 /* CSVManager.swift */,
				FB0A20EF2F8F8EF100405172 /* HapticManager.swift */,
				FB0A20F02F8F8EF100405172 /* KMRTFareService.swift */,
				FB0A20F12F8F8EF100405172 /* NotificationManager.swift */,
				FB0A20F22F8F8EF100405172 /* TCMRTFareService.swift */,
				FB0A20F32F8F8EF100405172 /* ThemeManager.swift */,
				FB0A20F42F8F8EF100405172 /* THSRFareService.swift */,
				FB0A20F52F8F8EF100405172 /* TPEMRTFareService.swift */,
				FB0A20F62F8F8EF100405172 /* TRA_Fares_Fixed.sqlite */,
				FB0A20F72F8F8EF100405172 /* TRAFareService.swift */,
				FB0A20F82F8F8EF100405172 /* TYMRTFareService.swift */,
			);
			path = Services;
			sourceTree = "<group>";
		};
		FB0A20FB2F8F8EF100405172 /* ViewModels */ = {
			isa = PBXGroup;
			children = (
				FB0A20FA2F8F8EF100405172 /* AppViewModel.swift */,
			);
			path = ViewModels;
			sourceTree = "<group>";
		};
		FB0A21132F8F8EF100405172 /* Views */ = {
			isa = PBXGroup;
			children = (
				FB0A20FC2F8F8EF100405172 /* AddTripView.swift */,
				FB0A20FD2F8F8EF100405172 /* BackupManagementView.swift */,
				FB0A20FE2F8F8EF100405172 /* CardScannerView.swift */,
				FB0A20FF2F8F8EF100405172 /* CommuterRoutePickerOverlay.swift */,
				FB0A21002F8F8EF100405172 /* CSVManagementView.swift */,
				FB0A21012F8F8EF100405172 /* CyclesView.swift */,
				FB0A21022F8F8EF100405172 /* DashboardView.swift */,
				FB0A21032F8F8EF100405172 /* EditTripView.swift */,
				FB0A21042F8F8EF100405172 /* FavoritesManagementView.swift */,
				FB0A21052F8F8EF100405172 /* HomeStationSettingsView.swift */,
				FB0A21062F8F8EF100405172 /* IntroView.swift */,
				FB0A21072F8F8EF100405172 /* MainTabView.swift */,
				FB0A21082F8F8EF100405172 /* NotificationSettingsView.swift */,
				FB0A21092F8F8EF100405172 /* OutboundStationSettingsView.swift */,
				FB0A210A2F8F8EF100405172 /* QuickAddHomeView.swift */,
				FB0A210B2F8F8EF100405172 /* QuickAddOutboundView.swift */,
				FB0A210C2F8F8EF100405172 /* SettingsView.swift */,
				FB0A210D2F8F8EF100405172 /* SpotlightTutorialView.swift */,
				FB0A210E2F8F8EF100405172 /* TPASSRegionSelectionView.swift */,
				FB0A210F2F8F8EF100405172 /* TransferIntroductionView.swift */,
				FB0A21102F8F8EF100405172 /* TransferTypeSelectionView.swift */,
				FB0A21112F8F8EF100405172 /* TripListView.swift */,
				FB0A21122F8F8EF100405172 /* ViewFrameKey.swift */,
			);
			path = Views;
			sourceTree = "<group>";
		};
		FB0A21192F8F8EF100405172 /* TPASS-app-iOS */ = {
			isa = PBXGroup;
			children = (
				FB0A20E22F8F8EF100405172 /* Data */,
				FB0A20E42F8F8EF100405172 /* Helpers */,
				FB0A20EB2F8F8EF100405172 /* Models */,
				FB0A20F92F8F8EF100405172 /* Services */,
				FB0A20FB2F8F8EF100405172 /* ViewModels */,
				FB0A21132F8F8EF100405172 /* Views */,
				FB0A21142F8F8EF100405172 /* Assets.xcassets */,
				FB0A21152F8F8EF100405172 /* Localizable.xcstrings */,
				FB0A21162F8F8EF100405172 /* TPASS-app-iOS.entitlements */,
				FB0A21172F8F8EF100405172 /* TPASS-app-iOS.swift */,
				FB0A21182F8F8EF100405172 /* TPASS-app-iOS-Info.plist */,
			);
			path = "TPASS-app-iOS";
			sourceTree = "<group>";
		};
		FB0A21582F8F906700405172 /* Py_Data_Convert */ = {
			isa = PBXGroup;
			children = (
				FB0A21572F8F906700405172 /* TRAConvertFare_v9.py */,
			);
			path = Py_Data_Convert;
			sourceTree = "<group>";
		};
		FB0D943D2F20BC1600B687D3 = {
			isa = PBXGroup;
			children = (
				FB0A21582F8F906700405172 /* Py_Data_Convert */,
				FB6BC0BB2F7042950011877D /* README.md */,
				FB0A21192F8F8EF100405172 /* TPASS-app-iOS */,
				FB0D94472F20BC1600B687D3 /* Products */,
			);
			sourceTree = "<group>";
		};
		FB0D94472F20BC1600B687D3 /* Products */ = {
			isa = PBXGroup;
			children = (
				FB0D94462F20BC1600B687D3 /* TPASS-app-iOS.app */,
			);
			name = Products;
			sourceTree = "<group>";
		};
/* End PBXGroup section */

/* Begin PBXNativeTarget section */
		FB0D94452F20BC1600B687D3 /* TPASS-app-iOS */ = {
			isa = PBXNativeTarget;
			buildConfigurationList = FB0D94512F20BC1700B687D3 /* Build configuration list for PBXNativeTarget "TPASS-app-iOS" */;
			buildPhases = (
				FB0D94422F20BC1600B687D3 /* Sources */,
				FB0D94432F20BC1600B687D3 /* Frameworks */,
				FB0D94442F20BC1600B687D3 /* Resources */,
			);
			buildRules = (
			);
			dependencies = (
			);
			name = "TPASS-app-iOS";
			packageProductDependencies = (
			);
			productName = "TPASS-app-iOS";
			productReference = FB0D94462F20BC1600B687D3 /* TPASS-app-iOS.app */;
			productType = "com.apple.product-type.application";
		};
/* End PBXNativeTarget section */

/* Begin PBXProject section */
		FB0D943E2F20BC1600B687D3 /* Project object */ = {
			isa = PBXProject;
			attributes = {
				BuildIndependentTargetsInParallel = 1;
				LastSwiftUpdateCheck = 2620;
				LastUpgradeCheck = 2630;
				TargetAttributes = {
					FB0D94452F20BC1600B687D3 = {
						CreatedOnToolsVersion = 26.2;
						LastSwiftMigration = 2620;
					};
				};
			};
			buildConfigurationList = FB0D94412F20BC1600B687D3 /* Build configuration list for PBXProject "TPASS-app-iOS" */;
			developmentRegion = "zh-Hant";
			hasScannedForEncodings = 0;
			knownRegions = (
				"zh-Hant",
				en,
				Base,
			);
			mainGroup = FB0D943D2F20BC1600B687D3;
			minimizedProjectReferenceProxies = 1;
			packageReferences = (
			);
			preferredProjectObjectVersion = 77;
			productRefGroup = FB0D94472F20BC1600B687D3 /* Products */;
			projectDirPath = "";
			projectRoot = "";
			targets = (
				FB0D94452F20BC1600B687D3 /* TPASS-app-iOS */,
			);
		};
/* End PBXProject section */

/* Begin PBXResourcesBuildPhase section */
		FB0D94442F20BC1600B687D3 /* Resources */ = {
			isa = PBXResourcesBuildPhase;
			buildActionMask = 2147483647;
			files = (
				FB0A21502F8F8EF100405172 /* Localizable.xcstrings in Resources */,
				FB0A21592F8F906700405172 /* TRAConvertFare_v9.py in Resources */,
				FB0A21512F8F8EF100405172 /* TRA_Fares_Fixed.sqlite in Resources */,
				FB0A21522F8F8EF100405172 /* TRAConvertStations.py in Resources */,
				FB0A21532F8F8EF100405172 /* Assets.xcassets in Resources */,
				FB0A21552F8F8EF100405172 /* TPASS-app-iOS-Info.plist in Resources */,
				FB0A21562F8F8EF100405172 /* TRAStations.json in Resources */,
				FB6BC0BC2F7042950011877D /* README.md in Resources */,
			);
			runOnlyForDeploymentPostprocessing = 0;
		};
/* End PBXResourcesBuildPhase section */

/* Begin PBXSourcesBuildPhase section */
		FB0D94422F20BC1600B687D3 /* Sources */ = {
			isa = PBXSourcesBuildPhase;
			buildActionMask = 2147483647;
			files = (
				FB0A211E2F8F8EF100405172 /* TPASSModelSchema.swift in Sources */,
				FB0A211F2F8F8EF100405172 /* TYMRTStationData.swift in Sources */,
				FB0A21202F8F8EF100405172 /* QuickAddOutboundView.swift in Sources */,
				FB0A21212F8F8EF100405172 /* TRAStationData.swift in Sources */,
				FB0A21222F8F8EF100405172 /* TRAFareService.swift in Sources */,
				FB0A21232F8F8EF100405172 /* AppViewModel.swift in Sources */,
				FB0A21242F8F8EF100405172 /* TPASS-app-iOS.swift in Sources */,
				FB0A21252F8F8EF100405172 /* TYMRTFareService.swift in Sources */,
				FB0A21262F8F8EF100405172 /* NotificationSettingsView.swift in Sources */,
				FB0A21272F8F8EF100405172 /* CardScannerView.swift in Sources */,
				FB0A21282F8F8EF100405172 /* MainTabView.swift in Sources */,
				FB0A21292F8F8EF100405172 /* HSRStationData.swift in Sources */,
				FB0A212A2F8F8EF100405172 /* HapticManager.swift in Sources */,
				FB0A212B2F8F8EF100405172 /* KMRTStationData.swift in Sources */,
				FB0A212C2F8F8EF100405172 /* QuickAddHomeView.swift in Sources */,
				FB0A212D2F8F8EF100405172 /* MigrationManager.swift in Sources */,
				FB0A212E2F8F8EF100405172 /* TCMRTStationData.swift in Sources */,
				FB0A212F2F8F8EF100405172 /* AddTripView.swift in Sources */,
				FB0A21302F8F8EF100405172 /* Enums.swift in Sources */,
				FB0A21312F8F8EF100405172 /* EditTripView.swift in Sources */,
				FB0A21322F8F8EF100405172 /* StationData.swift in Sources */,
				FB0A21332F8F8EF100405172 /* AuthService.swift in Sources */,
				FB0A21342F8F8EF100405172 /* KMRTFareService.swift in Sources */,
				FB0A21352F8F8EF100405172 /* TransferIntroductionView.swift in Sources */,
				FB0A21362F8F8EF100405172 /* HomeStationSettingsView.swift in Sources */,
				FB0A21372F8F8EF100405172 /* CloudKitSyncService.swift in Sources */,
				FB0A21382F8F8EF100405172 /* FavoritesManagementView.swift in Sources */,
				FB0A21392F8F8EF100405172 /* SettingsView.swift in Sources */,
				FB0A213A2F8F8EF100405172 /* CyclesView.swift in Sources */,
				FB0A213B2F8F8EF100405172 /* THSRFareService.swift in Sources */,
				FB0A213C2F8F8EF100405172 /* CSVManager.swift in Sources */,
				FB0A213D2F8F8EF100405172 /* TripListView.swift in Sources */,
				FB0A213E2F8F8EF100405172 /* TCMRTFareService.swift in Sources */,
				FB0A213F2F8F8EF100405172 /* CSVManagementView.swift in Sources */,
				FB0A21402F8F8EF100405172 /* AllTripsCleanupView.swift in Sources */,
				FB0A21412F8F8EF100405172 /* ThemeManager.swift in Sources */,
				FB0A21422F8F8EF100405172 /* TPASSRegionSelectionView.swift in Sources */,
				FB0A21432F8F8EF100405172 /* SwiftDataModels.swift in Sources */,
				FB0A21442F8F8EF100405172 /* TPEMRTFareService.swift in Sources */,
				FB0A21452F8F8EF100405172 /* BackupManagementView.swift in Sources */,
				FB0A21462F8F8EF100405172 /* OutboundStationSettingsView.swift in Sources */,
				FB0A21472F8F8EF100405172 /* SpotlightTutorialView.swift in Sources */,
				FB0A21482F8F8EF100405172 /* IntroView.swift in Sources */,
				FB0A21492F8F8EF100405172 /* NotificationManager.swift in Sources */,
				FB0A214A2F8F8EF100405172 /* User.swift in Sources */,
				FB0A214B2F8F8EF100405172 /* DashboardView.swift in Sources */,
				FB0A214C2F8F8EF100405172 /* TransferTypeSelectionView.swift in Sources */,
				FB0A214D2F8F8EF100405172 /* ViewFrameKey.swift in Sources */,
				FB0A214E2F8F8EF100405172 /* TPASSRegion.swift in Sources */,
				FB0A214F2F8F8EF100405172 /* CommuterRoutePickerOverlay.swift in Sources */,
			);
			runOnlyForDeploymentPostprocessing = 0;
		};
/* End PBXSourcesBuildPhase section */

/* Begin XCBuildConfiguration section */
		FB0D944F2F20BC1700B687D3 /* Debug */ = {
			isa = XCBuildConfiguration;
			buildSettings = {
				ALWAYS_SEARCH_USER_PATHS = NO;
				ASSETCATALOG_COMPILER_GENERATE_SWIFT_ASSET_SYMBOL_EXTENSIONS = YES;
				CLANG_ANALYZER_LOCALIZABILITY_NONLOCALIZED = YES;
				CLANG_ANALYZER_NONNULL = YES;
				CLANG_ANALYZER_NUMBER_OBJECT_CONVERSION = YES_AGGRESSIVE;
				CLANG_CXX_LANGUAGE_STANDARD = "gnu++20";
				CLANG_ENABLE_MODULES = YES;
				CLANG_ENABLE_OBJC_ARC = YES;
				CLANG_ENABLE_OBJC_WEAK = YES;
				CLANG_WARN_BLOCK_CAPTURE_AUTORELEASING = YES;
				CLANG_WARN_BOOL_CONVERSION = YES;
				CLANG_WARN_COMMA = YES;
				CLANG_WARN_CONSTANT_CONVERSION = YES;
				CLANG_WARN_DEPRECATED_OBJC_IMPLEMENTATIONS = YES;
				CLANG_WARN_DIRECT_OBJC_ISA_USAGE = YES_ERROR;
				CLANG_WARN_DOCUMENTATION_COMMENTS = YES;
				CLANG_WARN_EMPTY_BODY = YES;
				CLANG_WARN_ENUM_CONVERSION = YES;
				CLANG_WARN_INFINITE_RECURSION = YES;
				CLANG_WARN_INT_CONVERSION = YES;
				CLANG_WARN_NON_LITERAL_NULL_CONVERSION = YES;
				CLANG_WARN_OBJC_IMPLICIT_RETAIN_SELF = YES;
				CLANG_WARN_OBJC_LITERAL_CONVERSION = YES;
				CLANG_WARN_OBJC_ROOT_CLASS = YES_ERROR;
				CLANG_WARN_QUOTED_INCLUDE_IN_FRAMEWORK_HEADER = YES;
				CLANG_WARN_RANGE_LOOP_ANALYSIS = YES;
				CLANG_WARN_STRICT_PROTOTYPES = YES;
				CLANG_WARN_SUSPICIOUS_MOVE = YES;
				CLANG_WARN_UNGUARDED_AVAILABILITY = YES_AGGRESSIVE;
				CLANG_WARN_UNREACHABLE_CODE = YES;
				CLANG_WARN__DUPLICATE_METHOD_MATCH = YES;
				COPY_PHASE_STRIP = NO;
				DEBUG_INFORMATION_FORMAT = dwarf;
				DEVELOPMENT_TEAM = 45SQT63B67;
				ENABLE_STRICT_OBJC_MSGSEND = YES;
				ENABLE_TESTABILITY = YES;
				ENABLE_USER_SCRIPT_SANDBOXING = YES;
				GCC_C_LANGUAGE_STANDARD = gnu17;
				GCC_DYNAMIC_NO_PIC = NO;
				GCC_NO_COMMON_BLOCKS = YES;
				GCC_OPTIMIZATION_LEVEL = 0;
				GCC_PREPROCESSOR_DEFINITIONS = (
					"DEBUG=1",
					"$(inherited)",
				);
				GCC_WARN_64_TO_32_BIT_CONVERSION = YES;
				GCC_WARN_ABOUT_RETURN_TYPE = YES_ERROR;
				GCC_WARN_UNDECLARED_SELECTOR = YES;
				GCC_WARN_UNINITIALIZED_AUTOS = YES_AGGRESSIVE;
				GCC_WARN_UNUSED_FUNCTION = YES;
				GCC_WARN_UNUSED_VARIABLE = YES;
				IPHONEOS_DEPLOYMENT_TARGET = 26.2;
				LOCALIZATION_PREFERS_STRING_CATALOGS = YES;
				MTL_ENABLE_DEBUG_INFO = INCLUDE_SOURCE;
				MTL_FAST_MATH = YES;
				ONLY_ACTIVE_ARCH = YES;
				SDKROOT = iphoneos;
				STRING_CATALOG_GENERATE_SYMBOLS = YES;
				SWIFT_ACTIVE_COMPILATION_CONDITIONS = "DEBUG $(inherited)";
				SWIFT_EMIT_LOC_STRINGS = YES;
				SWIFT_OPTIMIZATION_LEVEL = "-Onone";
			};
			name = Debug;
		};
		FB0D94502F20BC1700B687D3 /* Release */ = {
			isa = XCBuildConfiguration;
			buildSettings = {
				ALWAYS_SEARCH_USER_PATHS = NO;
				ASSETCATALOG_COMPILER_GENERATE_SWIFT_ASSET_SYMBOL_EXTENSIONS = YES;
				CLANG_ANALYZER_LOCALIZABILITY_NONLOCALIZED = YES;
				CLANG_ANALYZER_NONNULL = YES;
				CLANG_ANALYZER_NUMBER_OBJECT_CONVERSION = YES_AGGRESSIVE;
				CLANG_CXX_LANGUAGE_STANDARD = "gnu++20";
				CLANG_ENABLE_MODULES = YES;
				CLANG_ENABLE_OBJC_ARC = YES;
				CLANG_ENABLE_OBJC_WEAK = YES;
				CLANG_WARN_BLOCK_CAPTURE_AUTORELEASING = YES;
				CLANG_WARN_BOOL_CONVERSION = YES;
				CLANG_WARN_COMMA = YES;
				CLANG_WARN_CONSTANT_CONVERSION = YES;
				CLANG_WARN_DEPRECATED_OBJC_IMPLEMENTATIONS = YES;
				CLANG_WARN_DIRECT_OBJC_ISA_USAGE = YES_ERROR;
				CLANG_WARN_DOCUMENTATION_COMMENTS = YES;
				CLANG_WARN_EMPTY_BODY = YES;
				CLANG_WARN_ENUM_CONVERSION = YES;
				CLANG_WARN_INFINITE_RECURSION = YES;
				CLANG_WARN_INT_CONVERSION = YES;
				CLANG_WARN_NON_LITERAL_NULL_CONVERSION = YES;
				CLANG_WARN_OBJC_IMPLICIT_RETAIN_SELF = YES;
				CLANG_WARN_OBJC_LITERAL_CONVERSION = YES;
				CLANG_WARN_OBJC_ROOT_CLASS = YES_ERROR;
				CLANG_WARN_QUOTED_INCLUDE_IN_FRAMEWORK_HEADER = YES;
				CLANG_WARN_RANGE_LOOP_ANALYSIS = YES;
				CLANG_WARN_STRICT_PROTOTYPES = YES;
				CLANG_WARN_SUSPICIOUS_MOVE = YES;
				CLANG_WARN_UNGUARDED_AVAILABILITY = YES_AGGRESSIVE;
				CLANG_WARN_UNREACHABLE_CODE = YES;
				CLANG_WARN__DUPLICATE_METHOD_MATCH = YES;
				COPY_PHASE_STRIP = NO;
				DEBUG_INFORMATION_FORMAT = "dwarf-with-dsym";
				DEVELOPMENT_TEAM = 45SQT63B67;
				ENABLE_NS_ASSERTIONS = NO;
				ENABLE_STRICT_OBJC_MSGSEND = YES;
				ENABLE_USER_SCRIPT_SANDBOXING = YES;
				GCC_C_LANGUAGE_STANDARD = gnu17;
				GCC_NO_COMMON_BLOCKS = YES;
				GCC_WARN_64_TO_32_BIT_CONVERSION = YES;
				GCC_WARN_ABOUT_RETURN_TYPE = YES_ERROR;
				GCC_WARN_UNDECLARED_SELECTOR = YES;
				GCC_WARN_UNINITIALIZED_AUTOS = YES_AGGRESSIVE;
				GCC_WARN_UNUSED_FUNCTION = YES;
				GCC_WARN_UNUSED_VARIABLE = YES;
				IPHONEOS_DEPLOYMENT_TARGET = 26.2;
				LOCALIZATION_PREFERS_STRING_CATALOGS = YES;
				MTL_ENABLE_DEBUG_INFO = NO;
				MTL_FAST_MATH = YES;
				SDKROOT = iphoneos;
				STRING_CATALOG_GENERATE_SYMBOLS = YES;
				SWIFT_COMPILATION_MODE = wholemodule;
				SWIFT_EMIT_LOC_STRINGS = YES;
				VALIDATE_PRODUCT = YES;
			};
			name = Release;
		};
		FB0D94522F20BC1700B687D3 /* Debug */ = {
			isa = XCBuildConfiguration;
			buildSettings = {
				ASSETCATALOG_COMPILER_APPICON_NAME = AppIcon;
				ASSETCATALOG_COMPILER_GLOBAL_ACCENT_COLOR_NAME = AccentColor;
				CLANG_ENABLE_MODULES = YES;
				CODE_SIGN_ENTITLEMENTS = "TPASS-app-iOS/TPASS-app-iOS.entitlements";
				CODE_SIGN_IDENTITY = "Apple Development";
				CODE_SIGN_STYLE = Automatic;
				CURRENT_PROJECT_VERSION = 67;
				DEVELOPMENT_TEAM = 45SQT63B67;
				ENABLE_PREVIEWS = YES;
				GENERATE_INFOPLIST_FILE = YES;
				INFOPLIST_FILE = "TPASS-app-iOS/TPASS-app-iOS-Info.plist";
				INFOPLIST_KEY_CFBundleDisplayName = TPASS.calc;
				INFOPLIST_KEY_LSApplicationCategoryType = "";
				INFOPLIST_KEY_UIApplicationSceneManifest_Generation = YES;
				INFOPLIST_KEY_UIApplicationSupportsIndirectInputEvents = YES;
				INFOPLIST_KEY_UILaunchScreen_Generation = YES;
				INFOPLIST_KEY_UISupportedInterfaceOrientations = UIInterfaceOrientationPortrait;
				INFOPLIST_KEY_UISupportedInterfaceOrientations_iPad = "UIInterfaceOrientationLandscapeLeft UIInterfaceOrientationLandscapeRight UIInterfaceOrientationPortrait UIInterfaceOrientationPortraitUpsideDown";
				IPHONEOS_DEPLOYMENT_TARGET = 18.0;
				LD_RUNPATH_SEARCH_PATHS = (
					"$(inherited)",
					"@executable_path/Frameworks",
				);
				MARKETING_VERSION = 1.8.2;
				PRODUCT_BUNDLE_IDENTIFIER = "com.tpass-app.TPASS.clac";
				PRODUCT_NAME = "$(TARGET_NAME)";
				PROVISIONING_PROFILE_SPECIFIER = "";
				STRING_CATALOG_GENERATE_SYMBOLS = YES;
				SUPPORTED_PLATFORMS = "iphoneos iphonesimulator";
				SUPPORTS_MACCATALYST = NO;
				SWIFT_APPROACHABLE_CONCURRENCY = YES;
				SWIFT_DEFAULT_ACTOR_ISOLATION = MainActor;
				SWIFT_EMIT_LOC_STRINGS = YES;
				SWIFT_OPTIMIZATION_LEVEL = "-Onone";
				SWIFT_UPCOMING_FEATURE_MEMBER_IMPORT_VISIBILITY = YES;
				SWIFT_VERSION = 5.0;
				TARGETED_DEVICE_FAMILY = 1;
			};
			name = Debug;
		};
		FB0D94532F20BC1700B687D3 /* Release */ = {
			isa = XCBuildConfiguration;
			buildSettings = {
				ASSETCATALOG_COMPILER_APPICON_NAME = AppIcon;
				ASSETCATALOG_COMPILER_GLOBAL_ACCENT_COLOR_NAME = AccentColor;
				CLANG_ENABLE_MODULES = YES;
				CODE_SIGN_ENTITLEMENTS = "TPASS-app-iOS/TPASS-app-iOS.entitlements";
				CODE_SIGN_IDENTITY = "Apple Development";
				CODE_SIGN_STYLE = Automatic;
				CURRENT_PROJECT_VERSION = 67;
				DEVELOPMENT_TEAM = 45SQT63B67;
				ENABLE_PREVIEWS = YES;
				GENERATE_INFOPLIST_FILE = YES;
				INFOPLIST_FILE = "TPASS-app-iOS/TPASS-app-iOS-Info.plist";
				INFOPLIST_KEY_CFBundleDisplayName = TPASS.calc;
				INFOPLIST_KEY_LSApplicationCategoryType = "";
				INFOPLIST_KEY_UIApplicationSceneManifest_Generation = YES;
				INFOPLIST_KEY_UIApplicationSupportsIndirectInputEvents = YES;
				INFOPLIST_KEY_UILaunchScreen_Generation = YES;
				INFOPLIST_KEY_UISupportedInterfaceOrientations = UIInterfaceOrientationPortrait;
				INFOPLIST_KEY_UISupportedInterfaceOrientations_iPad = "UIInterfaceOrientationLandscapeLeft UIInterfaceOrientationLandscapeRight UIInterfaceOrientationPortrait UIInterfaceOrientationPortraitUpsideDown";
				IPHONEOS_DEPLOYMENT_TARGET = 18.0;
				LD_RUNPATH_SEARCH_PATHS = (
					"$(inherited)",
					"@executable_path/Frameworks",
				);
				MARKETING_VERSION = 1.8.2;
				PRODUCT_BUNDLE_IDENTIFIER = "com.tpass-app.TPASS.clac";
				PRODUCT_NAME = "$(TARGET_NAME)";
				PROVISIONING_PROFILE_SPECIFIER = "";
				STRING_CATALOG_GENERATE_SYMBOLS = YES;
				SUPPORTED_PLATFORMS = "iphoneos iphonesimulator";
				SUPPORTS_MACCATALYST = NO;
				SWIFT_APPROACHABLE_CONCURRENCY = YES;
				SWIFT_DEFAULT_ACTOR_ISOLATION = MainActor;
				SWIFT_EMIT_LOC_STRINGS = YES;
				SWIFT_UPCOMING_FEATURE_MEMBER_IMPORT_VISIBILITY = YES;
				SWIFT_VERSION = 5.0;
				TARGETED_DEVICE_FAMILY = 1;
			};
			name = Release;
		};
/* End XCBuildConfiguration section */

/* Begin XCConfigurationList section */
		FB0D94412F20BC1600B687D3 /* Build configuration list for PBXProject "TPASS-app-iOS" */ = {
			isa = XCConfigurationList;
			buildConfigurations = (
				FB0D944F2F20BC1700B687D3 /* Debug */,
				FB0D94502F20BC1700B687D3 /* Release */,
			);
			defaultConfigurationIsVisible = 0;
			defaultConfigurationName = Release;
		};
		FB0D94512F20BC1700B687D3 /* Build configuration list for PBXNativeTarget "TPASS-app-iOS" */ = {
			isa = XCConfigurationList;
			buildConfigurations = (
				FB0D94522F20BC1700B687D3 /* Debug */,
				FB0D94532F20BC1700B687D3 /* Release */,
			);
			defaultConfigurationIsVisible = 0;
			defaultConfigurationName = Release;
		};
/* End XCConfigurationList section */
	};
	rootObject = FB0D943E2F20BC1600B687D3 /* Project object */;
}
