// !$*UTF8*$!
{
	archiveVersion = 1;
	classes = {
	};
	objectVersion = 77;
	objects = {

/* Begin PBXBuildFile section */
		FB009D702F27103900E30499 /* CloudKitSyncService.swift in Sources */ = {isa = PBXBuildFile; fileRef = FB009D6F2F27103900E30499 /* CloudKitSyncService.swift */; };
		FB009D732F27108200E30499 /* FavoritesManagementView.swift in Sources */ = {isa = PBXBuildFile; fileRef = FB009D712F27108200E30499 /* FavoritesManagementView.swift */; };
		FB009D762F27111B00E30499 /* SwiftDataModels.swift in Sources */ = {isa = PBXBuildFile; fileRef = FB009D752F27111B00E30499 /* SwiftDataModels.swift */; };
		FB009D782F27400600E30499 /* BackupManagementView.swift in Sources */ = {isa = PBXBuildFile; fileRef = FB009D772F27400600E30499 /* BackupManagementView.swift */; };
		FB05D2FD2F2203180084F64D /* IntroView.swift in Sources */ = {isa = PBXBuildFile; fileRef = FB05D2FC2F2203140084F64D /* IntroView.swift */; };
		FB05D3012F2203F90084F64D /* Assets.xcassets in Resources */ = {isa = PBXBuildFile; fileRef = FB05D3002F2203F90084F64D /* Assets.xcassets */; };
		FB05D3062F2211430084F64D /* ThemeManager.swift in Sources */ = {isa = PBXBuildFile; fileRef = FB05D3052F2211410084F64D /* ThemeManager.swift */; };
		FB05D3082F2240110084F64D /* EditTripView.swift in Sources */ = {isa = PBXBuildFile; fileRef = FB05D3072F22400D0084F64D /* EditTripView.swift */; };
		FB05D3112F2314EE0084F64D /* User.swift in Sources */ = {isa = PBXBuildFile; fileRef = FB05D3102F2314EC0084F64D /* User.swift */; };
		FB05D3172F25B9AC0084F64D /* NotificationManager.swift in Sources */ = {isa = PBXBuildFile; fileRef = FB05D3162F25B9A90084F64D /* NotificationManager.swift */; };
		FB05D3192F25B9CC0084F64D /* NotificationSettingsView.swift in Sources */ = {isa = PBXBuildFile; fileRef = FB05D3182F25B9CA0084F64D /* NotificationSettingsView.swift */; };
		FB0D94742F20BEFB00B687D3 /* TPASS-app-iOS.swift in Sources */ = {isa = PBXBuildFile; fileRef = FB0D94732F20BEF500B687D3 /* TPASS-app-iOS.swift */; };
		FB0D94782F20BFEA00B687D3 /* AuthService.swift in Sources */ = {isa = PBXBuildFile; fileRef = FB0D94602F20BD3800B687D3 /* AuthService.swift */; };
		FB0D94792F20BFF900B687D3 /* MainTabView.swift in Sources */ = {isa = PBXBuildFile; fileRef = FB0D94772F20BF4500B687D3 /* MainTabView.swift */; };
		FB0D947A2F20BFFD00B687D3 /* TripListView.swift in Sources */ = {isa = PBXBuildFile; fileRef = FB0D94762F20BF3200B687D3 /* TripListView.swift */; };
		FB0D947C2F20C00600B687D3 /* AppViewModel.swift in Sources */ = {isa = PBXBuildFile; fileRef = FB0D94722F20BE7500B687D3 /* AppViewModel.swift */; };
		FB0D94812F20C01C00B687D3 /* Enums.swift in Sources */ = {isa = PBXBuildFile; fileRef = FB0D945B2F20BC9200B687D3 /* Enums.swift */; };
		FB0D94882F20C2DB00B687D3 /* DashboardView.swift in Sources */ = {isa = PBXBuildFile; fileRef = FB0D94872F20C2DA00B687D3 /* DashboardView.swift */; };
		FB0D948A2F20C34F00B687D3 /* AddTripView.swift in Sources */ = {isa = PBXBuildFile; fileRef = FB0D94892F20C34B00B687D3 /* AddTripView.swift */; };
		FB0D948C2F20C4C300B687D3 /* SettingsView.swift in Sources */ = {isa = PBXBuildFile; fileRef = FB0D948B2F20C4C200B687D3 /* SettingsView.swift */; };
		FB0D94922F20E43800B687D3 /* StationData.swift in Sources */ = {isa = PBXBuildFile; fileRef = FB0D948E2F20E2D700B687D3 /* StationData.swift */; };
		FB0D94932F20E43E00B687D3 /* FareData.swift in Sources */ = {isa = PBXBuildFile; fileRef = FB0D948F2F20E2EC00B687D3 /* FareData.swift */; };
		FB31BFA62F2C4BC500E09054 /* Localizable.xcstrings in Resources */ = {isa = PBXBuildFile; fileRef = FB31BFA52F2C4BC500E09054 /* Localizable.xcstrings */; };
		FB31BFAA2F2DA8B500E09054 /* CSVManager.swift in Sources */ = {isa = PBXBuildFile; fileRef = FB31BFA92F2DA8B500E09054 /* CSVManager.swift */; };
		FB31BFAC2F2DA8E000E09054 /* CSVManagementView.swift in Sources */ = {isa = PBXBuildFile; fileRef = FB31BFAB2F2DA8E000E09054 /* CSVManagementView.swift */; };
		FB31BFAF2F2E1E1F00E09054 /* TYMRTFareService.swift in Sources */ = {isa = PBXBuildFile; fileRef = FB31BFAD2F2E1E1F00E09054 /* TYMRTFareService.swift */; };
		FB31BFB02F2E1E1F00E09054 /* TYMRTStationData.swift in Sources */ = {isa = PBXBuildFile; fileRef = FB31BFAE2F2E1E1F00E09054 /* TYMRTStationData.swift */; };
		FB4CF3FA2F30C19E002DA5E0 /* TPASSRegion.swift in Sources */ = {isa = PBXBuildFile; fileRef = FB4CF3F92F30C19E002DA5E0 /* TPASSRegion.swift */; };
		FB4CF3FD2F30C508002DA5E0 /* TCMRTStationData.swift in Sources */ = {isa = PBXBuildFile; fileRef = FB4CF3FC2F30C508002DA5E0 /* TCMRTStationData.swift */; };
		FB4CF3FE2F30C508002DA5E0 /* KMRTStationData.swift in Sources */ = {isa = PBXBuildFile; fileRef = FB4CF3FB2F30C508002DA5E0 /* KMRTStationData.swift */; };
		FB4CF4012F30C514002DA5E0 /* KMRTFareService.swift in Sources */ = {isa = PBXBuildFile; fileRef = FB4CF3FF2F30C514002DA5E0 /* KMRTFareService.swift */; };
		FB4CF4022F30C514002DA5E0 /* TCMRTFareService.swift in Sources */ = {isa = PBXBuildFile; fileRef = FB4CF4002F30C514002DA5E0 /* TCMRTFareService.swift */; };
		FB4CF4042F30CC3D002DA5E0 /* TPASSRegionSelectionView.swift in Sources */ = {isa = PBXBuildFile; fileRef = FB4CF4032F30CC3D002DA5E0 /* TPASSRegionSelectionView.swift */; };
		FB6197412F2F67D6000D80B6 /* TRAFareService.swift in Sources */ = {isa = PBXBuildFile; fileRef = FB6197402F2F67D6000D80B6 /* TRAFareService.swift */; };
		FB6197472F2F73AC000D80B6 /* TRAStationData.swift in Sources */ = {isa = PBXBuildFile; fileRef = FB6197462F2F73AC000D80B6 /* TRAStationData.swift */; };
		FB67606B2F2F91960011F98E /* TRA_Fares_Fixed.sqlite in Resources */ = {isa = PBXBuildFile; fileRef = FB67606A2F2F91960011F98E /* TRA_Fares_Fixed.sqlite */; };
		FB7D4B532F30492700DF469F /* SpotlightTutorialView.swift in Sources */ = {isa = PBXBuildFile; fileRef = FB7D4B522F30492700DF469F /* SpotlightTutorialView.swift */; };
		FBB948332F31FDAF0038F0FA /* CyclesView.swift in Sources */ = {isa = PBXBuildFile; fileRef = FBB948322F31FDAF0038F0FA /* CyclesView.swift */; };
		FBB948352F33586A0038F0FA /* HapticManager.swift in Sources */ = {isa = PBXBuildFile; fileRef = FBB948342F3358680038F0FA /* HapticManager.swift */; };
		FBB948372F335E000038F0FA /* TransferTypeSelectionView.swift in Sources */ = {isa = PBXBuildFile; fileRef = FBB948362F335E000038F0FA /* TransferTypeSelectionView.swift */; };
		FBC1D1022F9A123400A1B2C3 /* TransferIntroductionView.swift in Sources */ = {isa = PBXBuildFile; fileRef = FBC1D1012F9A123400A1B2C3 /* TransferIntroductionView.swift */; };
		FBC6600A2F4214A900188CEB /* ViewFrameKey.swift in Sources */ = {isa = PBXBuildFile; fileRef = FBC660092F4214A900188CEB /* ViewFrameKey.swift */; };
		FBF6161E2F2B6750001D4479 /* MigrationManager.swift in Sources */ = {isa = PBXBuildFile; fileRef = FBF6161D2F2B6750001D4479 /* MigrationManager.swift */; };
/* End PBXBuildFile section */

/* Begin PBXFileReference section */
		FB009D6F2F27103900E30499 /* CloudKitSyncService.swift */ = {isa = PBXFileReference; lastKnownFileType = sourcecode.swift; path = CloudKitSyncService.swift; sourceTree = "<group>"; };
		FB009D712F27108200E30499 /* FavoritesManagementView.swift */ = {isa = PBXFileReference; lastKnownFileType = sourcecode.swift; path = FavoritesManagementView.swift; sourceTree = "<group>"; };
		FB009D752F27111B00E30499 /* SwiftDataModels.swift */ = {isa = PBXFileReference; lastKnownFileType = sourcecode.swift; path = SwiftDataModels.swift; sourceTree = "<group>"; };
		FB009D772F27400600E30499 /* BackupManagementView.swift */ = {isa = PBXFileReference; lastKnownFileType = sourcecode.swift; path = BackupManagementView.swift; sourceTree = "<group>"; };
		FB05D2FC2F2203140084F64D /* IntroView.swift */ = {isa = PBXFileReference; lastKnownFileType = sourcecode.swift; path = IntroView.swift; sourceTree = "<group>"; };
		FB05D3002F2203F90084F64D /* Assets.xcassets */ = {isa = PBXFileReference; lastKnownFileType = folder.assetcatalog; path = Assets.xcassets; sourceTree = "<group>"; };
		FB05D3042F220E790084F64D /* TPASS-app-iOS.entitlements */ = {isa = PBXFileReference; lastKnownFileType = text.plist.entitlements; path = "TPASS-app-iOS.entitlements"; sourceTree = "<group>"; };
		FB05D3052F2211410084F64D /* ThemeManager.swift */ = {isa = PBXFileReference; lastKnownFileType = sourcecode.swift; path = ThemeManager.swift; sourceTree = "<group>"; };
		FB05D3072F22400D0084F64D /* EditTripView.swift */ = {isa = PBXFileReference; lastKnownFileType = sourcecode.swift; path = EditTripView.swift; sourceTree = "<group>"; };
		FB05D3102F2314EC0084F64D /* User.swift */ = {isa = PBXFileReference; lastKnownFileType = sourcecode.swift; path = User.swift; sourceTree = "<group>"; };
		FB05D3162F25B9A90084F64D /* NotificationManager.swift */ = {isa = PBXFileReference; lastKnownFileType = sourcecode.swift; path = NotificationManager.swift; sourceTree = "<group>"; };
		FB05D3182F25B9CA0084F64D /* NotificationSettingsView.swift */ = {isa = PBXFileReference; lastKnownFileType = sourcecode.swift; path = NotificationSettingsView.swift; sourceTree = "<group>"; };
		FB0D94462F20BC1600B687D3 /* TPASS-app-iOS.app */ = {isa = PBXFileReference; explicitFileType = wrapper.application; includeInIndex = 0; path = "TPASS-app-iOS.app"; sourceTree = BUILT_PRODUCTS_DIR; };
		FB0D945B2F20BC9200B687D3 /* Enums.swift */ = {isa = PBXFileReference; lastKnownFileType = sourcecode.swift; path = Enums.swift; sourceTree = "<group>"; };
		FB0D94602F20BD3800B687D3 /* AuthService.swift */ = {isa = PBXFileReference; lastKnownFileType = sourcecode.swift; path = AuthService.swift; sourceTree = "<group>"; };
		FB0D94612F20BD5800B687D3 /* TPASS-app-iOS-Info.plist */ = {isa = PBXFileReference; lastKnownFileType = text.plist; path = "TPASS-app-iOS-Info.plist"; sourceTree = "<group>"; };
		FB0D94722F20BE7500B687D3 /* AppViewModel.swift */ = {isa = PBXFileReference; lastKnownFileType = sourcecode.swift; path = AppViewModel.swift; sourceTree = "<group>"; };
		FB0D94732F20BEF500B687D3 /* TPASS-app-iOS.swift */ = {isa = PBXFileReference; lastKnownFileType = sourcecode.swift; path = "TPASS-app-iOS.swift"; sourceTree = "<group>"; };
		FB0D94762F20BF3200B687D3 /* TripListView.swift */ = {isa = PBXFileReference; lastKnownFileType = sourcecode.swift; path = TripListView.swift; sourceTree = "<group>"; };
		FB0D94772F20BF4500B687D3 /* MainTabView.swift */ = {isa = PBXFileReference; lastKnownFileType = sourcecode.swift; path = MainTabView.swift; sourceTree = "<group>"; };
		FB0D94872F20C2DA00B687D3 /* DashboardView.swift */ = {isa = PBXFileReference; lastKnownFileType = sourcecode.swift; path = DashboardView.swift; sourceTree = "<group>"; };
		FB0D94892F20C34B00B687D3 /* AddTripView.swift */ = {isa = PBXFileReference; lastKnownFileType = sourcecode.swift; path = AddTripView.swift; sourceTree = "<group>"; };
		FB0D948B2F20C4C200B687D3 /* SettingsView.swift */ = {isa = PBXFileReference; lastKnownFileType = sourcecode.swift; path = SettingsView.swift; sourceTree = "<group>"; };
		FB0D948E2F20E2D700B687D3 /* StationData.swift */ = {isa = PBXFileReference; lastKnownFileType = sourcecode.swift; path = StationData.swift; sourceTree = "<group>"; };
		FB0D948F2F20E2EC00B687D3 /* FareData.swift */ = {isa = PBXFileReference; lastKnownFileType = sourcecode.swift; path = FareData.swift; sourceTree = "<group>"; };
		FB31BFA52F2C4BC500E09054 /* Localizable.xcstrings */ = {isa = PBXFileReference; lastKnownFileType = text.json.xcstrings; path = Localizable.xcstrings; sourceTree = "<group>"; };
		FB31BFA92F2DA8B500E09054 /* CSVManager.swift */ = {isa = PBXFileReference; lastKnownFileType = sourcecode.swift; path = CSVManager.swift; sourceTree = "<group>"; };
		FB31BFAB2F2DA8E000E09054 /* CSVManagementView.swift */ = {isa = PBXFileReference; lastKnownFileType = sourcecode.swift; path = CSVManagementView.swift; sourceTree = "<group>"; };
		FB31BFAD2F2E1E1F00E09054 /* TYMRTFareService.swift */ = {isa = PBXFileReference; lastKnownFileType = sourcecode.swift; path = TYMRTFareService.swift; sourceTree = "<group>"; };
		FB31BFAE2F2E1E1F00E09054 /* TYMRTStationData.swift */ = {isa = PBXFileReference; lastKnownFileType = sourcecode.swift; path = TYMRTStationData.swift; sourceTree = "<group>"; };
		FB4CF3F92F30C19E002DA5E0 /* TPASSRegion.swift */ = {isa = PBXFileReference; lastKnownFileType = sourcecode.swift; path = TPASSRegion.swift; sourceTree = "<group>"; };
		FB4CF3FB2F30C508002DA5E0 /* KMRTStationData.swift */ = {isa = PBXFileReference; lastKnownFileType = sourcecode.swift; path = KMRTStationData.swift; sourceTree = "<group>"; };
		FB4CF3FC2F30C508002DA5E0 /* TCMRTStationData.swift */ = {isa = PBXFileReference; lastKnownFileType = sourcecode.swift; path = TCMRTStationData.swift; sourceTree = "<group>"; };
		FB4CF3FF2F30C514002DA5E0 /* KMRTFareService.swift */ = {isa = PBXFileReference; lastKnownFileType = sourcecode.swift; path = KMRTFareService.swift; sourceTree = "<group>"; };
		FB4CF4002F30C514002DA5E0 /* TCMRTFareService.swift */ = {isa = PBXFileReference; lastKnownFileType = sourcecode.swift; path = TCMRTFareService.swift; sourceTree = "<group>"; };
		FB4CF4032F30CC3D002DA5E0 /* TPASSRegionSelectionView.swift */ = {isa = PBXFileReference; lastKnownFileType = sourcecode.swift; path = TPASSRegionSelectionView.swift; sourceTree = "<group>"; };
		FB6197402F2F67D6000D80B6 /* TRAFareService.swift */ = {isa = PBXFileReference; lastKnownFileType = sourcecode.swift; path = TRAFareService.swift; sourceTree = "<group>"; };
		FB6197462F2F73AC000D80B6 /* TRAStationData.swift */ = {isa = PBXFileReference; lastKnownFileType = sourcecode.swift; path = TRAStationData.swift; sourceTree = "<group>"; };
		FB67606A2F2F91960011F98E /* TRA_Fares_Fixed.sqlite */ = {isa = PBXFileReference; lastKnownFileType = file; path = TRA_Fares_Fixed.sqlite; sourceTree = "<group>"; };
		FB7D4B522F30492700DF469F /* SpotlightTutorialView.swift */ = {isa = PBXFileReference; lastKnownFileType = sourcecode.swift; path = SpotlightTutorialView.swift; sourceTree = "<group>"; };
		FBB948322F31FDAF0038F0FA /* CyclesView.swift */ = {isa = PBXFileReference; lastKnownFileType = sourcecode.swift; path = CyclesView.swift; sourceTree = "<group>"; };
		FBB948342F3358680038F0FA /* HapticManager.swift */ = {isa = PBXFileReference; lastKnownFileType = sourcecode.swift; path = HapticManager.swift; sourceTree = "<group>"; };
		FBB948362F335E000038F0FA /* TransferTypeSelectionView.swift */ = {isa = PBXFileReference; lastKnownFileType = sourcecode.swift; path = TransferTypeSelectionView.swift; sourceTree = "<group>"; };
		FBC1D1012F9A123400A1B2C3 /* TransferIntroductionView.swift */ = {isa = PBXFileReference; lastKnownFileType = sourcecode.swift; path = TransferIntroductionView.swift; sourceTree = "<group>"; };
		FBC660092F4214A900188CEB /* ViewFrameKey.swift */ = {isa = PBXFileReference; lastKnownFileType = sourcecode.swift; path = ViewFrameKey.swift; sourceTree = "<group>"; };
		FBF6161D2F2B6750001D4479 /* MigrationManager.swift */ = {isa = PBXFileReference; lastKnownFileType = sourcecode.swift; path = MigrationManager.swift; sourceTree = "<group>"; };
/* End PBXFileReference section */

/* Begin PBXFrameworksBuildPhase section */
		FB0D94432F20BC1600B687D3 /* Frameworks */ = {
			isa = PBXFrameworksBuildPhase;
			buildActionMask = 2147483647;
			files = (
			);
			runOnlyForDeploymentPostprocessing = 0;
		};
/* End PBXFrameworksBuildPhase section */

/* Begin PBXGroup section */
		FB0D943D2F20BC1600B687D3 = {
			isa = PBXGroup;
			children = (
				FB05D3042F220E790084F64D /* TPASS-app-iOS.entitlements */,
				FB05D3002F2203F90084F64D /* Assets.xcassets */,
				FB0D94732F20BEF500B687D3 /* TPASS-app-iOS.swift */,
				FB0D94612F20BD5800B687D3 /* TPASS-app-iOS-Info.plist */,
				FB31BFA52F2C4BC500E09054 /* Localizable.xcstrings */,
				FB0D94592F20BC7000B687D3 /* Views */,
				FB0D94582F20BC6600B687D3 /* ViewModels */,
				FB0D94572F20BC5800B687D3 /* Services */,
				FB0D94562F20BC4F00B687D3 /* Models */,
				FB0D948D2F20E2C400B687D3 /* Data */,
				FB0D945A2F20BC7E00B687D3 /* Helpers */,
				FB0D94472F20BC1600B687D3 /* Products */,
			);
			sourceTree = "<group>";
		};
		FB0D94472F20BC1600B687D3 /* Products */ = {
			isa = PBXGroup;
			children = (
				FB0D94462F20BC1600B687D3 /* TPASS-app-iOS.app */,
			);
			name = Products;
			sourceTree = "<group>";
		};
		FB0D94562F20BC4F00B687D3 /* Models */ = {
			isa = PBXGroup;
			children = (
				FB0D945B2F20BC9200B687D3 /* Enums.swift */,
				FB05D3102F2314EC0084F64D /* User.swift */,
				FB009D752F27111B00E30499 /* SwiftDataModels.swift */,
				FB4CF3F92F30C19E002DA5E0 /* TPASSRegion.swift */,
			);
			path = Models;
			sourceTree = "<group>";
		};
		FB0D94572F20BC5800B687D3 /* Services */ = {
			isa = PBXGroup;
			children = (
				FBB948342F3358680038F0FA /* HapticManager.swift */,
				FB05D3162F25B9A90084F64D /* NotificationManager.swift */,
				FB05D3052F2211410084F64D /* ThemeManager.swift */,
				FB31BFA92F2DA8B500E09054 /* CSVManager.swift */,
				FB009D6F2F27103900E30499 /* CloudKitSyncService.swift */,
				FB0D94602F20BD3800B687D3 /* AuthService.swift */,
				FB6197402F2F67D6000D80B6 /* TRAFareService.swift */,
				FB4CF3FF2F30C514002DA5E0 /* KMRTFareService.swift */,
				FB4CF4002F30C514002DA5E0 /* TCMRTFareService.swift */,
				FB31BFAD2F2E1E1F00E09054 /* TYMRTFareService.swift */,
				FB67606A2F2F91960011F98E /* TRA_Fares_Fixed.sqlite */,
			);
			path = Services;
			sourceTree = "<group>";
		};
		FB0D94582F20BC6600B687D3 /* ViewModels */ = {
			isa = PBXGroup;
			children = (
				FB0D94722F20BE7500B687D3 /* AppViewModel.swift */,
			);
			path = ViewModels;
			sourceTree = "<group>";
		};
		FB0D94592F20BC7000B687D3 /* Views */ = {
			isa = PBXGroup;
			children = (
				FB05D3182F25B9CA0084F64D /* NotificationSettingsView.swift */,
				FB05D2FC2F2203140084F64D /* IntroView.swift */,
				FB0D948B2F20C4C200B687D3 /* SettingsView.swift */,
				FB0D94892F20C34B00B687D3 /* AddTripView.swift */,
				FB0D94872F20C2DA00B687D3 /* DashboardView.swift */,
				FB0D94772F20BF4500B687D3 /* MainTabView.swift */,
				FB009D772F27400600E30499 /* BackupManagementView.swift */,
				FB0D94762F20BF3200B687D3 /* TripListView.swift */,
				FB05D3072F22400D0084F64D /* EditTripView.swift */,
				FB009D712F27108200E30499 /* FavoritesManagementView.swift */,
				FB7D4B522F30492700DF469F /* SpotlightTutorialView.swift */,
				FB31BFAB2F2DA8E000E09054 /* CSVManagementView.swift */,
				FB4CF4032F30CC3D002DA5E0 /* TPASSRegionSelectionView.swift */,
				FBC1D1012F9A123400A1B2C3 /* TransferIntroductionView.swift */,
				FBB948322F31FDAF0038F0FA /* CyclesView.swift */,
				FBB948362F335E000038F0FA /* TransferTypeSelectionView.swift */,
				FBC660092F4214A900188CEB /* ViewFrameKey.swift */,
			);
			path = Views;
			sourceTree = "<group>";
		};
		FB0D945A2F20BC7E00B687D3 /* Helpers */ = {
			isa = PBXGroup;
			children = (
				FBF6161D2F2B6750001D4479 /* MigrationManager.swift */,
			);
			path = Helpers;
			sourceTree = "<group>";
		};
		FB0D948D2F20E2C400B687D3 /* Data */ = {
			isa = PBXGroup;
			children = (
				FB4CF3FB2F30C508002DA5E0 /* KMRTStationData.swift */,
				FB4CF3FC2F30C508002DA5E0 /* TCMRTStationData.swift */,
				FB0D948E2F20E2D700B687D3 /* StationData.swift */,
				FB0D948F2F20E2EC00B687D3 /* FareData.swift */,
				FB31BFAE2F2E1E1F00E09054 /* TYMRTStationData.swift */,
				FB6197462F2F73AC000D80B6 /* TRAStationData.swift */,
			);
			path = Data;
			sourceTree = "<group>";
		};
/* End PBXGroup section */

/* Begin PBXNativeTarget section */
		FB0D94452F20BC1600B687D3 /* TPASS-app-iOS */ = {
			isa = PBXNativeTarget;
			buildConfigurationList = FB0D94512F20BC1700B687D3 /* Build configuration list for PBXNativeTarget "TPASS-app-iOS" */;
			buildPhases = (
				FB0D94422F20BC1600B687D3 /* Sources */,
				FB0D94432F20BC1600B687D3 /* Frameworks */,
				FB0D94442F20BC1600B687D3 /* Resources */,
			);
			buildRules = (
			);
			dependencies = (
			);
			name = "TPASS-app-iOS";
			packageProductDependencies = (
			);
			productName = "TPASS-app-iOS";
			productReference = FB0D94462F20BC1600B687D3 /* TPASS-app-iOS.app */;
			productType = "com.apple.product-type.application";
		};
/* End PBXNativeTarget section */

/* Begin PBXProject section */
		FB0D943E2F20BC1600B687D3 /* Project object */ = {
			isa = PBXProject;
			attributes = {
				BuildIndependentTargetsInParallel = 1;
				LastSwiftUpdateCheck = 2620;
				LastUpgradeCheck = 2630;
				TargetAttributes = {
					FB0D94452F20BC1600B687D3 = {
						CreatedOnToolsVersion = 26.2;
						LastSwiftMigration = 2620;
					};
				};
			};
			buildConfigurationList = FB0D94412F20BC1600B687D3 /* Build configuration list for PBXProject "TPASS-app-iOS" */;
			developmentRegion = "zh-Hant";
			hasScannedForEncodings = 0;
			knownRegions = (
				"zh-Hant",
				en,
				Base,
			);
			mainGroup = FB0D943D2F20BC1600B687D3;
			minimizedProjectReferenceProxies = 1;
			packageReferences = (
			);
			preferredProjectObjectVersion = 77;
			productRefGroup = FB0D94472F20BC1600B687D3 /* Products */;
			projectDirPath = "";
			projectRoot = "";
			targets = (
				FB0D94452F20BC1600B687D3 /* TPASS-app-iOS */,
			);
		};
/* End PBXProject section */

/* Begin PBXResourcesBuildPhase section */
		FB0D94442F20BC1600B687D3 /* Resources */ = {
			isa = PBXResourcesBuildPhase;
			buildActionMask = 2147483647;
			files = (
				FB31BFA62F2C4BC500E09054 /* Localizable.xcstrings in Resources */,
				FB67606B2F2F91960011F98E /* TRA_Fares_Fixed.sqlite in Resources */,
				FB05D3012F2203F90084F64D /* Assets.xcassets in Resources */,
			);
			runOnlyForDeploymentPostprocessing = 0;
		};
/* End PBXResourcesBuildPhase section */

/* Begin PBXSourcesBuildPhase section */
		FB0D94422F20BC1600B687D3 /* Sources */ = {
			isa = PBXSourcesBuildPhase;
			buildActionMask = 2147483647;
			files = (
				FB4CF4042F30CC3D002DA5E0 /* TPASSRegionSelectionView.swift in Sources */,
				FBC1D1022F9A123400A1B2C3 /* TransferIntroductionView.swift in Sources */,
				FB4CF3FD2F30C508002DA5E0 /* TCMRTStationData.swift in Sources */,
				FB4CF3FE2F30C508002DA5E0 /* KMRTStationData.swift in Sources */,
				FB0D948A2F20C34F00B687D3 /* AddTripView.swift in Sources */,
				FB009D732F27108200E30499 /* FavoritesManagementView.swift in Sources */,
				FBB948352F33586A0038F0FA /* HapticManager.swift in Sources */,
				FB0D94882F20C2DB00B687D3 /* DashboardView.swift in Sources */,
				FB0D94742F20BEFB00B687D3 /* TPASS-app-iOS.swift in Sources */,
				FB0D94782F20BFEA00B687D3 /* AuthService.swift in Sources */,
				FB05D2FD2F2203180084F64D /* IntroView.swift in Sources */,
				FB009D782F27400600E30499 /* BackupManagementView.swift in Sources */,
				FB05D3082F2240110084F64D /* EditTripView.swift in Sources */,
				FB05D3062F2211430084F64D /* ThemeManager.swift in Sources */,
				FB0D947C2F20C00600B687D3 /* AppViewModel.swift in Sources */,
				FB6197412F2F67D6000D80B6 /* TRAFareService.swift in Sources */,
				FB05D3112F2314EE0084F64D /* User.swift in Sources */,
				FBB948332F31FDAF0038F0FA /* CyclesView.swift in Sources */,
				FB4CF3FA2F30C19E002DA5E0 /* TPASSRegion.swift in Sources */,
				FB31BFAC2F2DA8E000E09054 /* CSVManagementView.swift in Sources */,
				FBC6600A2F4214A900188CEB /* ViewFrameKey.swift in Sources */,
				FB31BFAA2F2DA8B500E09054 /* CSVManager.swift in Sources */,
				FB31BFAF2F2E1E1F00E09054 /* TYMRTFareService.swift in Sources */,
				FB31BFB02F2E1E1F00E09054 /* TYMRTStationData.swift in Sources */,
				FB0D948C2F20C4C300B687D3 /* SettingsView.swift in Sources */,
				FBB948372F335E000038F0FA /* TransferTypeSelectionView.swift in Sources */,
				FB0D94922F20E43800B687D3 /* StationData.swift in Sources */,
				FB0D94792F20BFF900B687D3 /* MainTabView.swift in Sources */,
				FB0D94932F20E43E00B687D3 /* FareData.swift in Sources */,
				FB6197472F2F73AC000D80B6 /* TRAStationData.swift in Sources */,
				FBF6161E2F2B6750001D4479 /* MigrationManager.swift in Sources */,
				FB009D762F27111B00E30499 /* SwiftDataModels.swift in Sources */,
				FB05D3172F25B9AC0084F64D /* NotificationManager.swift in Sources */,
				FB009D702F27103900E30499 /* CloudKitSyncService.swift in Sources */,
				FB0D947A2F20BFFD00B687D3 /* TripListView.swift in Sources */,
				FB05D3192F25B9CC0084F64D /* NotificationSettingsView.swift in Sources */,
				FB4CF4012F30C514002DA5E0 /* KMRTFareService.swift in Sources */,
				FB4CF4022F30C514002DA5E0 /* TCMRTFareService.swift in Sources */,
				FB0D94812F20C01C00B687D3 /* Enums.swift in Sources */,
				FB7D4B532F30492700DF469F /* SpotlightTutorialView.swift in Sources */,
			);
			runOnlyForDeploymentPostprocessing = 0;
		};
/* End PBXSourcesBuildPhase section */

/* Begin XCBuildConfiguration section */
		FB0D944F2F20BC1700B687D3 /* Debug */ = {
			isa = XCBuildConfiguration;
			buildSettings = {
				ALWAYS_SEARCH_USER_PATHS = NO;
				ASSETCATALOG_COMPILER_GENERATE_SWIFT_ASSET_SYMBOL_EXTENSIONS = YES;
				CLANG_ANALYZER_LOCALIZABILITY_NONLOCALIZED = YES;
				CLANG_ANALYZER_NONNULL = YES;
				CLANG_ANALYZER_NUMBER_OBJECT_CONVERSION = YES_AGGRESSIVE;
				CLANG_CXX_LANGUAGE_STANDARD = "gnu++20";
				CLANG_ENABLE_MODULES = YES;
				CLANG_ENABLE_OBJC_ARC = YES;
				CLANG_ENABLE_OBJC_WEAK = YES;
				CLANG_WARN_BLOCK_CAPTURE_AUTORELEASING = YES;
				CLANG_WARN_BOOL_CONVERSION = YES;
				CLANG_WARN_COMMA = YES;
				CLANG_WARN_CONSTANT_CONVERSION = YES;
				CLANG_WARN_DEPRECATED_OBJC_IMPLEMENTATIONS = YES;
				CLANG_WARN_DIRECT_OBJC_ISA_USAGE = YES_ERROR;
				CLANG_WARN_DOCUMENTATION_COMMENTS = YES;
				CLANG_WARN_EMPTY_BODY = YES;
				CLANG_WARN_ENUM_CONVERSION = YES;
				CLANG_WARN_INFINITE_RECURSION = YES;
				CLANG_WARN_INT_CONVERSION = YES;
				CLANG_WARN_NON_LITERAL_NULL_CONVERSION = YES;
				CLANG_WARN_OBJC_IMPLICIT_RETAIN_SELF = YES;
				CLANG_WARN_OBJC_LITERAL_CONVERSION = YES;
				CLANG_WARN_OBJC_ROOT_CLASS = YES_ERROR;
				CLANG_WARN_QUOTED_INCLUDE_IN_FRAMEWORK_HEADER = YES;
				CLANG_WARN_RANGE_LOOP_ANALYSIS = YES;
				CLANG_WARN_STRICT_PROTOTYPES = YES;
				CLANG_WARN_SUSPICIOUS_MOVE = YES;
				CLANG_WARN_UNGUARDED_AVAILABILITY = YES_AGGRESSIVE;
				CLANG_WARN_UNREACHABLE_CODE = YES;
				CLANG_WARN__DUPLICATE_METHOD_MATCH = YES;
				COPY_PHASE_STRIP = NO;
				DEBUG_INFORMATION_FORMAT = dwarf;
				DEVELOPMENT_TEAM = 45SQT63B67;
				ENABLE_STRICT_OBJC_MSGSEND = YES;
				ENABLE_TESTABILITY = YES;
				ENABLE_USER_SCRIPT_SANDBOXING = YES;
				GCC_C_LANGUAGE_STANDARD = gnu17;
				GCC_DYNAMIC_NO_PIC = NO;
				GCC_NO_COMMON_BLOCKS = YES;
				GCC_OPTIMIZATION_LEVEL = 0;
				GCC_PREPROCESSOR_DEFINITIONS = (
					"DEBUG=1",
					"$(inherited)",
				);
				GCC_WARN_64_TO_32_BIT_CONVERSION = YES;
				GCC_WARN_ABOUT_RETURN_TYPE = YES_ERROR;
				GCC_WARN_UNDECLARED_SELECTOR = YES;
				GCC_WARN_UNINITIALIZED_AUTOS = YES_AGGRESSIVE;
				GCC_WARN_UNUSED_FUNCTION = YES;
				GCC_WARN_UNUSED_VARIABLE = YES;
				IPHONEOS_DEPLOYMENT_TARGET = 26.2;
				LOCALIZATION_PREFERS_STRING_CATALOGS = YES;
				MTL_ENABLE_DEBUG_INFO = INCLUDE_SOURCE;
				MTL_FAST_MATH = YES;
				ONLY_ACTIVE_ARCH = YES;
				SDKROOT = iphoneos;
				STRING_CATALOG_GENERATE_SYMBOLS = YES;
				SWIFT_ACTIVE_COMPILATION_CONDITIONS = "DEBUG $(inherited)";
				SWIFT_EMIT_LOC_STRINGS = YES;
				SWIFT_OPTIMIZATION_LEVEL = "-Onone";
			};
			name = Debug;
		};
		FB0D94502F20BC1700B687D3 /* Release */ = {
			isa = XCBuildConfiguration;
			buildSettings = {
				ALWAYS_SEARCH_USER_PATHS = NO;
				ASSETCATALOG_COMPILER_GENERATE_SWIFT_ASSET_SYMBOL_EXTENSIONS = YES;
				CLANG_ANALYZER_LOCALIZABILITY_NONLOCALIZED = YES;
				CLANG_ANALYZER_NONNULL = YES;
				CLANG_ANALYZER_NUMBER_OBJECT_CONVERSION = YES_AGGRESSIVE;
				CLANG_CXX_LANGUAGE_STANDARD = "gnu++20";
				CLANG_ENABLE_MODULES = YES;
				CLANG_ENABLE_OBJC_ARC = YES;
				CLANG_ENABLE_OBJC_WEAK = YES;
				CLANG_WARN_BLOCK_CAPTURE_AUTORELEASING = YES;
				CLANG_WARN_BOOL_CONVERSION = YES;
				CLANG_WARN_COMMA = YES;
				CLANG_WARN_CONSTANT_CONVERSION = YES;
				CLANG_WARN_DEPRECATED_OBJC_IMPLEMENTATIONS = YES;
				CLANG_WARN_DIRECT_OBJC_ISA_USAGE = YES_ERROR;
				CLANG_WARN_DOCUMENTATION_COMMENTS = YES;
				CLANG_WARN_EMPTY_BODY = YES;
				CLANG_WARN_ENUM_CONVERSION = YES;
				CLANG_WARN_INFINITE_RECURSION = YES;
				CLANG_WARN_INT_CONVERSION = YES;
				CLANG_WARN_NON_LITERAL_NULL_CONVERSION = YES;
				CLANG_WARN_OBJC_IMPLICIT_RETAIN_SELF = YES;
				CLANG_WARN_OBJC_LITERAL_CONVERSION = YES;
				CLANG_WARN_OBJC_ROOT_CLASS = YES_ERROR;
				CLANG_WARN_QUOTED_INCLUDE_IN_FRAMEWORK_HEADER = YES;
				CLANG_WARN_RANGE_LOOP_ANALYSIS = YES;
				CLANG_WARN_STRICT_PROTOTYPES = YES;
				CLANG_WARN_SUSPICIOUS_MOVE = YES;
				CLANG_WARN_UNGUARDED_AVAILABILITY = YES_AGGRESSIVE;
				CLANG_WARN_UNREACHABLE_CODE = YES;
				CLANG_WARN__DUPLICATE_METHOD_MATCH = YES;
				COPY_PHASE_STRIP = NO;
				DEBUG_INFORMATION_FORMAT = "dwarf-with-dsym";
				DEVELOPMENT_TEAM = 45SQT63B67;
				ENABLE_NS_ASSERTIONS = NO;
				ENABLE_STRICT_OBJC_MSGSEND = YES;
				ENABLE_USER_SCRIPT_SANDBOXING = YES;
				GCC_C_LANGUAGE_STANDARD = gnu17;
				GCC_NO_COMMON_BLOCKS = YES;
				GCC_WARN_64_TO_32_BIT_CONVERSION = YES;
				GCC_WARN_ABOUT_RETURN_TYPE = YES_ERROR;
				GCC_WARN_UNDECLARED_SELECTOR = YES;
				GCC_WARN_UNINITIALIZED_AUTOS = YES_AGGRESSIVE;
				GCC_WARN_UNUSED_FUNCTION = YES;
				GCC_WARN_UNUSED_VARIABLE = YES;
				IPHONEOS_DEPLOYMENT_TARGET = 26.2;
				LOCALIZATION_PREFERS_STRING_CATALOGS = YES;
				MTL_ENABLE_DEBUG_INFO = NO;
				MTL_FAST_MATH = YES;
				SDKROOT = iphoneos;
				STRING_CATALOG_GENERATE_SYMBOLS = YES;
				SWIFT_COMPILATION_MODE = wholemodule;
				SWIFT_EMIT_LOC_STRINGS = YES;
				VALIDATE_PRODUCT = YES;
			};
			name = Release;
		};
		FB0D94522F20BC1700B687D3 /* Debug */ = {
			isa = XCBuildConfiguration;
			buildSettings = {
				ASSETCATALOG_COMPILER_APPICON_NAME = AppIcon;
				ASSETCATALOG_COMPILER_GLOBAL_ACCENT_COLOR_NAME = AccentColor;
				CLANG_ENABLE_MODULES = YES;
				CODE_SIGN_ENTITLEMENTS = "TPASS-app-iOS.entitlements";
				CODE_SIGN_IDENTITY = "Apple Development";
				CODE_SIGN_STYLE = Automatic;
				CURRENT_PROJECT_VERSION = 39;
				DEVELOPMENT_TEAM = 45SQT63B67;
				ENABLE_PREVIEWS = YES;
				GENERATE_INFOPLIST_FILE = YES;
				INFOPLIST_FILE = "TPASS-app-iOS-Info.plist";
				INFOPLIST_KEY_CFBundleDisplayName = TPASS.calc;
				INFOPLIST_KEY_UIApplicationSceneManifest_Generation = YES;
				INFOPLIST_KEY_UIApplicationSupportsIndirectInputEvents = YES;
				INFOPLIST_KEY_UILaunchScreen_Generation = YES;
				INFOPLIST_KEY_UISupportedInterfaceOrientations = UIInterfaceOrientationPortrait;
				INFOPLIST_KEY_UISupportedInterfaceOrientations_iPad = "UIInterfaceOrientationLandscapeLeft UIInterfaceOrientationLandscapeRight UIInterfaceOrientationPortrait UIInterfaceOrientationPortraitUpsideDown";
				IPHONEOS_DEPLOYMENT_TARGET = 18.0;
				LD_RUNPATH_SEARCH_PATHS = (
					"$(inherited)",
					"@executable_path/Frameworks",
				);
				MARKETING_VERSION = 1.5.2;
				PRODUCT_BUNDLE_IDENTIFIER = "com.tpass-app.TPASS.clac";
				PRODUCT_NAME = "$(TARGET_NAME)";
				PROVISIONING_PROFILE_SPECIFIER = "";
				STRING_CATALOG_GENERATE_SYMBOLS = YES;
				SUPPORTED_PLATFORMS = "iphoneos iphonesimulator";
				SUPPORTS_MACCATALYST = NO;
				SWIFT_APPROACHABLE_CONCURRENCY = YES;
				SWIFT_DEFAULT_ACTOR_ISOLATION = MainActor;
				SWIFT_EMIT_LOC_STRINGS = YES;
				SWIFT_OPTIMIZATION_LEVEL = "-Onone";
				SWIFT_UPCOMING_FEATURE_MEMBER_IMPORT_VISIBILITY = YES;
				SWIFT_VERSION = 5.0;
				TARGETED_DEVICE_FAMILY = 1;
			};
			name = Debug;
		};
		FB0D94532F20BC1700B687D3 /* Release */ = {
			isa = XCBuildConfiguration;
			buildSettings = {
				ASSETCATALOG_COMPILER_APPICON_NAME = AppIcon;
				ASSETCATALOG_COMPILER_GLOBAL_ACCENT_COLOR_NAME = AccentColor;
				CLANG_ENABLE_MODULES = YES;
				CODE_SIGN_ENTITLEMENTS = "TPASS-app-iOS.entitlements";
				CODE_SIGN_IDENTITY = "Apple Development";
				CODE_SIGN_STYLE = Automatic;
				CURRENT_PROJECT_VERSION = 39;
				DEVELOPMENT_TEAM = 45SQT63B67;
				ENABLE_PREVIEWS = YES;
				GENERATE_INFOPLIST_FILE = YES;
				INFOPLIST_FILE = "TPASS-app-iOS-Info.plist";
				INFOPLIST_KEY_CFBundleDisplayName = TPASS.calc;
				INFOPLIST_KEY_UIApplicationSceneManifest_Generation = YES;
				INFOPLIST_KEY_UIApplicationSupportsIndirectInputEvents = YES;
				INFOPLIST_KEY_UILaunchScreen_Generation = YES;
				INFOPLIST_KEY_UISupportedInterfaceOrientations = UIInterfaceOrientationPortrait;
				INFOPLIST_KEY_UISupportedInterfaceOrientations_iPad = "UIInterfaceOrientationLandscapeLeft UIInterfaceOrientationLandscapeRight UIInterfaceOrientationPortrait UIInterfaceOrientationPortraitUpsideDown";
				IPHONEOS_DEPLOYMENT_TARGET = 18.0;
				LD_RUNPATH_SEARCH_PATHS = (
					"$(inherited)",
					"@executable_path/Frameworks",
				);
				MARKETING_VERSION = 1.5.2;
				PRODUCT_BUNDLE_IDENTIFIER = "com.tpass-app.TPASS.clac";
				PRODUCT_NAME = "$(TARGET_NAME)";
				PROVISIONING_PROFILE_SPECIFIER = "";
				STRING_CATALOG_GENERATE_SYMBOLS = YES;
				SUPPORTED_PLATFORMS = "iphoneos iphonesimulator";
				SUPPORTS_MACCATALYST = NO;
				SWIFT_APPROACHABLE_CONCURRENCY = YES;
				SWIFT_DEFAULT_ACTOR_ISOLATION = MainActor;
				SWIFT_EMIT_LOC_STRINGS = YES;
				SWIFT_UPCOMING_FEATURE_MEMBER_IMPORT_VISIBILITY = YES;
				SWIFT_VERSION = 5.0;
				TARGETED_DEVICE_FAMILY = 1;
			};
			name = Release;
		};
/* End XCBuildConfiguration section */

/* Begin XCConfigurationList section */
		FB0D94412F20BC1600B687D3 /* Build configuration list for PBXProject "TPASS-app-iOS" */ = {
			isa = XCConfigurationList;
			buildConfigurations = (
				FB0D944F2F20BC1700B687D3 /* Debug */,
				FB0D94502F20BC1700B687D3 /* Release */,
			);
			defaultConfigurationIsVisible = 0;
			defaultConfigurationName = Release;
		};
		FB0D94512F20BC1700B687D3 /* Build configuration list for PBXNativeTarget "TPASS-app-iOS" */ = {
			isa = XCConfigurationList;
			buildConfigurations = (
				FB0D94522F20BC1700B687D3 /* Debug */,
				FB0D94532F20BC1700B687D3 /* Release */,
			);
			defaultConfigurationIsVisible = 0;
			defaultConfigurationName = Release;
		};
/* End XCConfigurationList section */
	};
	rootObject = FB0D943E2F20BC1600B687D3 /* Project object */;
}
